// !$*UTF8*$!
{
	archiveVersion = 1;
	classes = {
	};
	objectVersion = 50;
	objects = {

/* Begin PBXBuildFile section */
		DC0025E02109A685009C1BC6 /* TabSwipeScrollView.swift in Sources */ = {isa = PBXBuildFile; fileRef = DC0025DF2109A685009C1BC6 /* TabSwipeScrollView.swift */; };
		DC00261E2109B144009C1BC6 /* TabSwipeToolbar.swift in Sources */ = {isa = PBXBuildFile; fileRef = DC00261D2109B144009C1BC6 /* TabSwipeToolbar.swift */; };
		DC0026222109BEF4009C1BC6 /* TabSwipeNavigation.swift in Sources */ = {isa = PBXBuildFile; fileRef = DC0026212109BEF4009C1BC6 /* TabSwipeNavigation.swift */; };
		DC2A8AEE21098D570052C236 /* TabSwipeSegmentControl.swift in Sources */ = {isa = PBXBuildFile; fileRef = DC97E209210960BE00A5DB67 /* TabSwipeSegmentControl.swift */; };
		DC41134621095FB70036A5FD /* TabSwipeControl.framework in Frameworks */ = {isa = PBXBuildFile; fileRef = DC41133C21095FB70036A5FD /* TabSwipeControl.framework */; };
		DC41134B21095FB70036A5FD /* TabSwipeControlTests.swift in Sources */ = {isa = PBXBuildFile; fileRef = DC41134A21095FB70036A5FD /* TabSwipeControlTests.swift */; };
		DC41134D21095FB70036A5FD /* TabSwipeControl.h in Headers */ = {isa = PBXBuildFile; fileRef = DC41133F21095FB70036A5FD /* TabSwipeControl.h */; settings = {ATTRIBUTES = (Public, ); }; };
/* End PBXBuildFile section */

/* Begin PBXContainerItemProxy section */
		DC41134721095FB70036A5FD /* PBXContainerItemProxy */ = {
			isa = PBXContainerItemProxy;
			containerPortal = DC41133321095FB70036A5FD /* Project object */;
			proxyType = 1;
			remoteGlobalIDString = DC41133B21095FB70036A5FD;
			remoteInfo = TabSwipeControl;
		};
/* End PBXContainerItemProxy section */

/* Begin PBXFileReference section */
		DC0025DF2109A685009C1BC6 /* TabSwipeScrollView.swift */ = {isa = PBXFileReference; lastKnownFileType = sourcecode.swift; path = TabSwipeScrollView.swift; sourceTree = "<group>"; };
		DC00261D2109B144009C1BC6 /* TabSwipeToolbar.swift */ = {isa = PBXFileReference; lastKnownFileType = sourcecode.swift; path = TabSwipeToolbar.swift; sourceTree = "<group>"; };
		DC0026212109BEF4009C1BC6 /* TabSwipeNavigation.swift */ = {isa = PBXFileReference; lastKnownFileType = sourcecode.swift; path = TabSwipeNavigation.swift; sourceTree = "<group>"; };
		DC41133C21095FB70036A5FD /* TabSwipeControl.framework */ = {isa = PBXFileReference; explicitFileType = wrapper.framework; includeInIndex = 0; path = TabSwipeControl.framework; sourceTree = BUILT_PRODUCTS_DIR; };
		DC41133F21095FB70036A5FD /* TabSwipeControl.h */ = {isa = PBXFileReference; lastKnownFileType = sourcecode.c.h; path = TabSwipeControl.h; sourceTree = "<group>"; };
		DC41134021095FB70036A5FD /* Info.plist */ = {isa = PBXFileReference; lastKnownFileType = text.plist.xml; path = Info.plist; sourceTree = "<group>"; };
		DC41134521095FB70036A5FD /* TabSwipeControlTests.xctest */ = {isa = PBXFileReference; explicitFileType = wrapper.cfbundle; includeInIndex = 0; path = TabSwipeControlTests.xctest; sourceTree = BUILT_PRODUCTS_DIR; };
		DC41134A21095FB70036A5FD /* TabSwipeControlTests.swift */ = {isa = PBXFileReference; lastKnownFileType = sourcecode.swift; path = TabSwipeControlTests.swift; sourceTree = "<group>"; };
		DC41134C21095FB70036A5FD /* Info.plist */ = {isa = PBXFileReference; lastKnownFileType = text.plist.xml; path = Info.plist; sourceTree = "<group>"; };
		DC97E209210960BE00A5DB67 /* TabSwipeSegmentControl.swift */ = {isa = PBXFileReference; lastKnownFileType = sourcecode.swift; path = TabSwipeSegmentControl.swift; sourceTree = "<group>"; };
/* End PBXFileReference section */

/* Begin PBXFrameworksBuildPhase section */
		DC41133921095FB70036A5FD /* Frameworks */ = {
			isa = PBXFrameworksBuildPhase;
			buildActionMask = 2147483647;
			files = (
			);
			runOnlyForDeploymentPostprocessing = 0;
		};
		DC41134221095FB70036A5FD /* Frameworks */ = {
			isa = PBXFrameworksBuildPhase;
			buildActionMask = 2147483647;
			files = (
				DC41134621095FB70036A5FD /* TabSwipeControl.framework in Frameworks */,
			);
			runOnlyForDeploymentPostprocessing = 0;
		};
/* End PBXFrameworksBuildPhase section */

/* Begin PBXGroup section */
		DC41133221095FB70036A5FD = {
			isa = PBXGroup;
			children = (
				DC41133E21095FB70036A5FD /* TabSwipeControl */,
				DC41134921095FB70036A5FD /* TabSwipeControlTests */,
				DC41133D21095FB70036A5FD /* Products */,
			);
			sourceTree = "<group>";
		};
		DC41133D21095FB70036A5FD /* Products */ = {
			isa = PBXGroup;
			children = (
				DC41133C21095FB70036A5FD /* TabSwipeControl.framework */,
				DC41134521095FB70036A5FD /* TabSwipeControlTests.xctest */,
			);
			name = Products;
			sourceTree = "<group>";
		};
		DC41133E21095FB70036A5FD /* TabSwipeControl */ = {
			isa = PBXGroup;
			children = (
				DC41133F21095FB70036A5FD /* TabSwipeControl.h */,
				DC41134021095FB70036A5FD /* Info.plist */,
				DC97E209210960BE00A5DB67 /* TabSwipeSegmentControl.swift */,
				DC0025DF2109A685009C1BC6 /* TabSwipeScrollView.swift */,
				DC00261D2109B144009C1BC6 /* TabSwipeToolbar.swift */,
				DC0026212109BEF4009C1BC6 /* TabSwipeNavigation.swift */,
			);
			path = TabSwipeControl;
			sourceTree = "<group>";
		};
		DC41134921095FB70036A5FD /* TabSwipeControlTests */ = {
			isa = PBXGroup;
			children = (
				DC41134A21095FB70036A5FD /* TabSwipeControlTests.swift */,
				DC41134C21095FB70036A5FD /* Info.plist */,
			);
			path = TabSwipeControlTests;
			sourceTree = "<group>";
		};
/* End PBXGroup section */

/* Begin PBXHeadersBuildPhase section */
		DC41133721095FB70036A5FD /* Headers */ = {
			isa = PBXHeadersBuildPhase;
			buildActionMask = 2147483647;
			files = (
				DC41134D21095FB70036A5FD /* TabSwipeControl.h in Headers */,
			);
			runOnlyForDeploymentPostprocessing = 0;
		};
/* End PBXHeadersBuildPhase section */

/* Begin PBXNativeTarget section */
		DC41133B21095FB70036A5FD /* TabSwipeControl */ = {
			isa = PBXNativeTarget;
			buildConfigurationList = DC41135021095FB70036A5FD /* Build configuration list for PBXNativeTarget "TabSwipeControl" */;
			buildPhases = (
				DC41133721095FB70036A5FD /* Headers */,
				DC41133821095FB70036A5FD /* Sources */,
				DC41133921095FB70036A5FD /* Frameworks */,
				DC41133A21095FB70036A5FD /* Resources */,
			);
			buildRules = (
			);
			dependencies = (
			);
			name = TabSwipeControl;
			productName = TabSwipeControl;
			productReference = DC41133C21095FB70036A5FD /* TabSwipeControl.framework */;
			productType = "com.apple.product-type.framework";
		};
		DC41134421095FB70036A5FD /* TabSwipeControlTests */ = {
			isa = PBXNativeTarget;
			buildConfigurationList = DC41135321095FB70036A5FD /* Build configuration list for PBXNativeTarget "TabSwipeControlTests" */;
			buildPhases = (
				DC41134121095FB70036A5FD /* Sources */,
				DC41134221095FB70036A5FD /* Frameworks */,
				DC41134321095FB70036A5FD /* Resources */,
			);
			buildRules = (
			);
			dependencies = (
				DC41134821095FB70036A5FD /* PBXTargetDependency */,
			);
			name = TabSwipeControlTests;
			productName = TabSwipeControlTests;
			productReference = DC41134521095FB70036A5FD /* TabSwipeControlTests.xctest */;
			productType = "com.apple.product-type.bundle.unit-test";
		};
/* End PBXNativeTarget section */

/* Begin PBXProject section */
		DC41133321095FB70036A5FD /* Project object */ = {
			isa = PBXProject;
			attributes = {
				LastSwiftUpdateCheck = 1000;
				LastUpgradeCheck = 1000;
				ORGANIZATIONNAME = "Bao Nguyen";
				TargetAttributes = {
					DC41133B21095FB70036A5FD = {
						CreatedOnToolsVersion = 10.0;
						LastSwiftMigration = 0940;
					};
					DC41134421095FB70036A5FD = {
						CreatedOnToolsVersion = 10.0;
					};
				};
			};
			buildConfigurationList = DC41133621095FB70036A5FD /* Build configuration list for PBXProject "TabSwipeControl" */;
			compatibilityVersion = "Xcode 9.3";
			developmentRegion = en;
			hasScannedForEncodings = 0;
			knownRegions = (
				en,
			);
			mainGroup = DC41133221095FB70036A5FD;
			productRefGroup = DC41133D21095FB70036A5FD /* Products */;
			projectDirPath = "";
			projectRoot = "";
			targets = (
				DC41133B21095FB70036A5FD /* TabSwipeControl */,
				DC41134421095FB70036A5FD /* TabSwipeControlTests */,
			);
		};
/* End PBXProject section */

/* Begin PBXResourcesBuildPhase section */
		DC41133A21095FB70036A5FD /* Resources */ = {
			isa = PBXResourcesBuildPhase;
			buildActionMask = 2147483647;
			files = (
			);
			runOnlyForDeploymentPostprocessing = 0;
		};
		DC41134321095FB70036A5FD /* Resources */ = {
			isa = PBXResourcesBuildPhase;
			buildActionMask = 2147483647;
			files = (
			);
			runOnlyForDeploymentPostprocessing = 0;
		};
/* End PBXResourcesBuildPhase section */

/* Begin PBXSourcesBuildPhase section */
		DC41133821095FB70036A5FD /* Sources */ = {
			isa = PBXSourcesBuildPhase;
			buildActionMask = 2147483647;
			files = (
				DC0025E02109A685009C1BC6 /* TabSwipeScrollView.swift in Sources */,
				DC00261E2109B144009C1BC6 /* TabSwipeToolbar.swift in Sources */,
				DC0026222109BEF4009C1BC6 /* TabSwipeNavigation.swift in Sources */,
				DC2A8AEE21098D570052C236 /* TabSwipeSegmentControl.swift in Sources */,
			);
			runOnlyForDeploymentPostprocessing = 0;
		};
		DC41134121095FB70036A5FD /* Sources */ = {
			isa = PBXSourcesBuildPhase;
			buildActionMask = 2147483647;
			files = (
				DC41134B21095FB70036A5FD /* TabSwipeControlTests.swift in Sources */,
			);
			runOnlyForDeploymentPostprocessing = 0;
		};
/* End PBXSourcesBuildPhase section */

/* Begin PBXTargetDependency section */
		DC41134821095FB70036A5FD /* PBXTargetDependency */ = {
			isa = PBXTargetDependency;
			target = DC41133B21095FB70036A5FD /* TabSwipeControl */;
			targetProxy = DC41134721095FB70036A5FD /* PBXContainerItemProxy */;
		};
/* End PBXTargetDependency section */

/* Begin XCBuildConfiguration section */
		DC41134E21095FB70036A5FD /* Debug */ = {
			isa = XCBuildConfiguration;
			buildSettings = {
				ALWAYS_SEARCH_USER_PATHS = NO;
				CLANG_ANALYZER_NONNULL = YES;
				CLANG_ANALYZER_NUMBER_OBJECT_CONVERSION = YES_AGGRESSIVE;
				CLANG_CXX_LANGUAGE_STANDARD = "gnu++14";
				CLANG_CXX_LIBRARY = "libc++";
				CLANG_ENABLE_MODULES = YES;
				CLANG_ENABLE_OBJC_ARC = YES;
				CLANG_ENABLE_OBJC_WEAK = YES;
				CLANG_WARN_BLOCK_CAPTURE_AUTORELEASING = YES;
				CLANG_WARN_BOOL_CONVERSION = YES;
				CLANG_WARN_COMMA = YES;
				CLANG_WARN_CONSTANT_CONVERSION = YES;
				CLANG_WARN_DEPRECATED_OBJC_IMPLEMENTATIONS = YES;
				CLANG_WARN_DIRECT_OBJC_ISA_USAGE = YES_ERROR;
				CLANG_WARN_DOCUMENTATION_COMMENTS = YES;
				CLANG_WARN_EMPTY_BODY = YES;
				CLANG_WARN_ENUM_CONVERSION = YES;
				CLANG_WARN_INFINITE_RECURSION = YES;
				CLANG_WARN_INT_CONVERSION = YES;
				CLANG_WARN_NON_LITERAL_NULL_CONVERSION = YES;
				CLANG_WARN_OBJC_IMPLICIT_RETAIN_SELF = YES;
				CLANG_WARN_OBJC_LITERAL_CONVERSION = YES;
				CLANG_WARN_OBJC_ROOT_CLASS = YES_ERROR;
				CLANG_WARN_RANGE_LOOP_ANALYSIS = YES;
				CLANG_WARN_STRICT_PROTOTYPES = YES;
				CLANG_WARN_SUSPICIOUS_MOVE = YES;
				CLANG_WARN_UNGUARDED_AVAILABILITY = YES_AGGRESSIVE;
				CLANG_WARN_UNREACHABLE_CODE = YES;
				CLANG_WARN__DUPLICATE_METHOD_MATCH = YES;
				CODE_SIGN_IDENTITY = "iPhone Developer";
				COPY_PHASE_STRIP = NO;
				CURRENT_PROJECT_VERSION = 1;
				DEBUG_INFORMATION_FORMAT = dwarf;
				ENABLE_STRICT_OBJC_MSGSEND = YES;
				ENABLE_TESTABILITY = YES;
				GCC_C_LANGUAGE_STANDARD = gnu11;
				GCC_DYNAMIC_NO_PIC = NO;
				GCC_NO_COMMON_BLOCKS = YES;
				GCC_OPTIMIZATION_LEVEL = 0;
				GCC_PREPROCESSOR_DEFINITIONS = (
					"DEBUG=1",
					"$(inherited)",
				);
				GCC_WARN_64_TO_32_BIT_CONVERSION = YES;
				GCC_WARN_ABOUT_RETURN_TYPE = YES_ERROR;
				GCC_WARN_UNDECLARED_SELECTOR = YES;
				GCC_WARN_UNINITIALIZED_AUTOS = YES_AGGRESSIVE;
				GCC_WARN_UNUSED_FUNCTION = YES;
				GCC_WARN_UNUSED_VARIABLE = YES;
				IPHONEOS_DEPLOYMENT_TARGET = 9.0;
				MTL_ENABLE_DEBUG_INFO = INCLUDE_SOURCE;
				ONLY_ACTIVE_ARCH = YES;
				SDKROOT = iphoneos;
				SWIFT_ACTIVE_COMPILATION_CONDITIONS = DEBUG;
				SWIFT_OPTIMIZATION_LEVEL = "-Onone";
				VERSIONING_SYSTEM = "apple-generic";
				VERSION_INFO_PREFIX = "";
			};
			name = Debug;
		};
		DC41134F21095FB70036A5FD /* Release */ = {
			isa = XCBuildConfiguration;
			buildSettings = {
				ALWAYS_SEARCH_USER_PATHS = NO;
				CLANG_ANALYZER_NONNULL = YES;
				CLANG_ANALYZER_NUMBER_OBJECT_CONVERSION = YES_AGGRESSIVE;
				CLANG_CXX_LANGUAGE_STANDARD = "gnu++14";
				CLANG_CXX_LIBRARY = "libc++";
				CLANG_ENABLE_MODULES = YES;
				CLANG_ENABLE_OBJC_ARC = YES;
				CLANG_ENABLE_OBJC_WEAK = YES;
				CLANG_WARN_BLOCK_CAPTURE_AUTORELEASING = YES;
				CLANG_WARN_BOOL_CONVERSION = YES;
				CLANG_WARN_COMMA = YES;
				CLANG_WARN_CONSTANT_CONVERSION = YES;
				CLANG_WARN_DEPRECATED_OBJC_IMPLEMENTATIONS = YES;
				CLANG_WARN_DIRECT_OBJC_ISA_USAGE = YES_ERROR;
				CLANG_WARN_DOCUMENTATION_COMMENTS = YES;
				CLANG_WARN_EMPTY_BODY = YES;
				CLANG_WARN_ENUM_CONVERSION = YES;
				CLANG_WARN_INFINITE_RECURSION = YES;
				CLANG_WARN_INT_CONVERSION = YES;
				CLANG_WARN_NON_LITERAL_NULL_CONVERSION = YES;
				CLANG_WARN_OBJC_IMPLICIT_RETAIN_SELF = YES;
				CLANG_WARN_OBJC_LITERAL_CONVERSION = YES;
				CLANG_WARN_OBJC_ROOT_CLASS = YES_ERROR;
				CLANG_WARN_RANGE_LOOP_ANALYSIS = YES;
				CLANG_WARN_STRICT_PROTOTYPES = YES;
				CLANG_WARN_SUSPICIOUS_MOVE = YES;
				CLANG_WARN_UNGUARDED_AVAILABILITY = YES_AGGRESSIVE;
				CLANG_WARN_UNREACHABLE_CODE = YES;
				CLANG_WARN__DUPLICATE_METHOD_MATCH = YES;
				CODE_SIGN_IDENTITY = "iPhone Developer";
				COPY_PHASE_STRIP = NO;
				CURRENT_PROJECT_VERSION = 1;
				DEBUG_INFORMATION_FORMAT = "dwarf-with-dsym";
				ENABLE_NS_ASSERTIONS = NO;
				ENABLE_STRICT_OBJC_MSGSEND = YES;
				GCC_C_LANGUAGE_STANDARD = gnu11;
				GCC_NO_COMMON_BLOCKS = YES;
				GCC_WARN_64_TO_32_BIT_CONVERSION = YES;
				GCC_WARN_ABOUT_RETURN_TYPE = YES_ERROR;
				GCC_WARN_UNDECLARED_SELECTOR = YES;
				GCC_WARN_UNINITIALIZED_AUTOS = YES_AGGRESSIVE;
				GCC_WARN_UNUSED_FUNCTION = YES;
				GCC_WARN_UNUSED_VARIABLE = YES;
				IPHONEOS_DEPLOYMENT_TARGET = 9.0;
				MTL_ENABLE_DEBUG_INFO = NO;
				SDKROOT = iphoneos;
				SWIFT_COMPILATION_MODE = wholemodule;
				SWIFT_OPTIMIZATION_LEVEL = "-O";
				VALIDATE_PRODUCT = YES;
				VERSIONING_SYSTEM = "apple-generic";
				VERSION_INFO_PREFIX = "";
			};
			name = Release;
		};
		DC41135121095FB70036A5FD /* Debug */ = {
			isa = XCBuildConfiguration;
			buildSettings = {
				CLANG_ENABLE_MODULES = YES;
				CODE_SIGN_IDENTITY = "";
				CODE_SIGN_STYLE = Automatic;
				DEFINES_MODULE = YES;
				DEVELOPMENT_TEAM = MK2N7RD69E;
				DYLIB_COMPATIBILITY_VERSION = 1;
				DYLIB_CURRENT_VERSION = 1;
				DYLIB_INSTALL_NAME_BASE = "@rpath";
				INFOPLIST_FILE = TabSwipeControl/Info.plist;
				INSTALL_PATH = "$(LOCAL_LIBRARY_DIR)/Frameworks";
				LD_RUNPATH_SEARCH_PATHS = (
					"$(inherited)",
					"@executable_path/Frameworks",
					"@loader_path/Frameworks",
				);
				PRODUCT_BUNDLE_IDENTIFIER = com.baon.TabSwipeControl;
				PRODUCT_NAME = "$(TARGET_NAME:c99extidentifier)";
				SKIP_INSTALL = YES;
				SWIFT_OPTIMIZATION_LEVEL = "-Onone";
				SWIFT_VERSION = 4.2;
				TARGETED_DEVICE_FAMILY = "1,2";
			};
			name = Debug;
		};
		DC41135221095FB70036A5FD /* Release */ = {
			isa = XCBuildConfiguration;
			buildSettings = {
				CLANG_ENABLE_MODULES = YES;
				CODE_SIGN_IDENTITY = "";
				CODE_SIGN_STYLE = Automatic;
				DEFINES_MODULE = YES;
				DEVELOPMENT_TEAM = MK2N7RD69E;
				DYLIB_COMPATIBILITY_VERSION = 1;
				DYLIB_CURRENT_VERSION = 1;
				DYLIB_INSTALL_NAME_BASE = "@rpath";
				INFOPLIST_FILE = TabSwipeControl/Info.plist;
				INSTALL_PATH = "$(LOCAL_LIBRARY_DIR)/Frameworks";
				LD_RUNPATH_SEARCH_PATHS = (
					"$(inherited)",
					"@executable_path/Frameworks",
					"@loader_path/Frameworks",
				);
				PRODUCT_BUNDLE_IDENTIFIER = com.baon.TabSwipeControl;
				PRODUCT_NAME = "$(TARGET_NAME:c99extidentifier)";
				SKIP_INSTALL = YES;
				SWIFT_VERSION = 4.2;
				TARGETED_DEVICE_FAMILY = "1,2";
			};
			name = Release;
		};
		DC41135421095FB70036A5FD /* Debug */ = {
			isa = XCBuildConfiguration;
			buildSettings = {
				ALWAYS_EMBED_SWIFT_STANDARD_LIBRARIES = YES;
				CODE_SIGN_STYLE = Automatic;
				DEVELOPMENT_TEAM = MK2N7RD69E;
				INFOPLIST_FILE = TabSwipeControlTests/Info.plist;
				LD_RUNPATH_SEARCH_PATHS = (
					"$(inherited)",
					"@executable_path/Frameworks",
					"@loader_path/Frameworks",
				);
				PRODUCT_BUNDLE_IDENTIFIER = com.baon.TabSwipeControlTests;
				PRODUCT_NAME = "$(TARGET_NAME)";
				SWIFT_VERSION = 4.2;
				TARGETED_DEVICE_FAMILY = "1,2";
			};
			name = Debug;
		};
		DC41135521095FB70036A5FD /* Release */ = {
			isa = XCBuildConfiguration;
			buildSettings = {
				ALWAYS_EMBED_SWIFT_STANDARD_LIBRARIES = YES;
				CODE_SIGN_STYLE = Automatic;
				DEVELOPMENT_TEAM = MK2N7RD69E;
				INFOPLIST_FILE = TabSwipeControlTests/Info.plist;
				LD_RUNPATH_SEARCH_PATHS = (
					"$(inherited)",
					"@executable_path/Frameworks",
					"@loader_path/Frameworks",
				);
				PRODUCT_BUNDLE_IDENTIFIER = com.baon.TabSwipeControlTests;
				PRODUCT_NAME = "$(TARGET_NAME)";
				SWIFT_VERSION = 4.2;
				TARGETED_DEVICE_FAMILY = "1,2";
			};
			name = Release;
		};
/* End XCBuildConfiguration section */

/* Begin XCConfigurationList section */
		DC41133621095FB70036A5FD /* Build configuration list for PBXProject "TabSwipeControl" */ = {
			isa = XCConfigurationList;
			buildConfigurations = (
				DC41134E21095FB70036A5FD /* Debug */,
				DC41134F21095FB70036A5FD /* Release */,
			);
			defaultConfigurationIsVisible = 0;
			defaultConfigurationName = Release;
		};
		DC41135021095FB70036A5FD /* Build configuration list for PBXNativeTarget "TabSwipeControl" */ = {
			isa = XCConfigurationList;
			buildConfigurations = (
				DC41135121095FB70036A5FD /* Debug */,
				DC41135221095FB70036A5FD /* Release */,
			);
			defaultConfigurationIsVisible = 0;
			defaultConfigurationName = Release;
		};
		DC41135321095FB70036A5FD /* Build configuration list for PBXNativeTarget "TabSwipeControlTests" */ = {
			isa = XCConfigurationList;
			buildConfigurations = (
				DC41135421095FB70036A5FD /* Debug */,
				DC41135521095FB70036A5FD /* Release */,
			);
			defaultConfigurationIsVisible = 0;
			defaultConfigurationName = Release;
		};
/* End XCConfigurationList section */
	};
	rootObject = DC41133321095FB70036A5FD /* Project object */;
}
