// !$*UTF8*$!
{
	archiveVersion = 1;
	classes = {
	};
	objectVersion = 50;
	objects = {

/* Begin PBXBuildFile section */
		DC090A97210B2CF5000F5B88 /* AppDelegate.swift in Sources */ = {isa = PBXBuildFile; fileRef = DC090A96210B2CF5000F5B88 /* AppDelegate.swift */; };
		DC090A9C210B2CF5000F5B88 /* Main.storyboard in Resources */ = {isa = PBXBuildFile; fileRef = DC090A9A210B2CF5000F5B88 /* Main.storyboard */; };
		DC090A9E210B2CF6000F5B88 /* Assets.xcassets in Resources */ = {isa = PBXBuildFile; fileRef = DC090A9D210B2CF6000F5B88 /* Assets.xcassets */; };
		DC090AA1210B2CF6000F5B88 /* LaunchScreen.storyboard in Resources */ = {isa = PBXBuildFile; fileRef = DC090A9F210B2CF6000F5B88 /* LaunchScreen.storyboard */; };
		DC090AAC210B2CF6000F5B88 /* CustomOperationTests.swift in Sources */ = {isa = PBXBuildFile; fileRef = DC090AAB210B2CF6000F5B88 /* CustomOperationTests.swift */; };
		DC090AB8210B2D49000F5B88 /* DownloaderOperation.swift in Sources */ = {isa = PBXBuildFile; fileRef = DC090AB7210B2D49000F5B88 /* DownloaderOperation.swift */; };
		DC0BB17421101B7500144A3A /* PhotoManager.swift in Sources */ = {isa = PBXBuildFile; fileRef = DC0BB17321101B7500144A3A /* PhotoManager.swift */; };
		DC0BB17621102FA900144A3A /* PhotoViewController.swift in Sources */ = {isa = PBXBuildFile; fileRef = DC0BB17521102FA900144A3A /* PhotoViewController.swift */; };
		DC0BB17A2110443A00144A3A /* PhotoDownload.swift in Sources */ = {isa = PBXBuildFile; fileRef = DC0BB1792110443A00144A3A /* PhotoDownload.swift */; };
		DCFC5629210EAA19008CF529 /* QueueManager.swift in Sources */ = {isa = PBXBuildFile; fileRef = DCFC5628210EAA19008CF529 /* QueueManager.swift */; };
		DCFC562C210EAAF7008CF529 /* PhotoRecord.swift in Sources */ = {isa = PBXBuildFile; fileRef = DCFC562B210EAAF7008CF529 /* PhotoRecord.swift */; };
		DCFC562E210EAFD0008CF529 /* ClassicPhotosDictionary.plist in Resources */ = {isa = PBXBuildFile; fileRef = DCFC562D210EAFD0008CF529 /* ClassicPhotosDictionary.plist */; };
		DCFC5631210EB0DE008CF529 /* PhotoCell.swift in Sources */ = {isa = PBXBuildFile; fileRef = DCFC5630210EB0DE008CF529 /* PhotoCell.swift */; };
/* End PBXBuildFile section */

/* Begin PBXContainerItemProxy section */
		DC090AA8210B2CF6000F5B88 /* PBXContainerItemProxy */ = {
			isa = PBXContainerItemProxy;
			containerPortal = DC090A8B210B2CF5000F5B88 /* Project object */;
			proxyType = 1;
			remoteGlobalIDString = DC090A92210B2CF5000F5B88;
			remoteInfo = CustomOperation;
		};
/* End PBXContainerItemProxy section */

/* Begin PBXFileReference section */
		DC090A93210B2CF5000F5B88 /* CustomOperation.app */ = {isa = PBXFileReference; explicitFileType = wrapper.application; includeInIndex = 0; path = CustomOperation.app; sourceTree = BUILT_PRODUCTS_DIR; };
		DC090A96210B2CF5000F5B88 /* AppDelegate.swift */ = {isa = PBXFileReference; lastKnownFileType = sourcecode.swift; path = AppDelegate.swift; sourceTree = "<group>"; };
		DC090A9B210B2CF5000F5B88 /* Base */ = {isa = PBXFileReference; lastKnownFileType = file.storyboard; name = Base; path = Base.lproj/Main.storyboard; sourceTree = "<group>"; };
		DC090A9D210B2CF6000F5B88 /* Assets.xcassets */ = {isa = PBXFileReference; lastKnownFileType = folder.assetcatalog; path = Assets.xcassets; sourceTree = "<group>"; };
		DC090AA0210B2CF6000F5B88 /* Base */ = {isa = PBXFileReference; lastKnownFileType = file.storyboard; name = Base; path = Base.lproj/LaunchScreen.storyboard; sourceTree = "<group>"; };
		DC090AA2210B2CF6000F5B88 /* Info.plist */ = {isa = PBXFileReference; lastKnownFileType = text.plist.xml; path = Info.plist; sourceTree = "<group>"; };
		DC090AA7210B2CF6000F5B88 /* CustomOperationTests.xctest */ = {isa = PBXFileReference; explicitFileType = wrapper.cfbundle; includeInIndex = 0; path = CustomOperationTests.xctest; sourceTree = BUILT_PRODUCTS_DIR; };
		DC090AAB210B2CF6000F5B88 /* CustomOperationTests.swift */ = {isa = PBXFileReference; lastKnownFileType = sourcecode.swift; path = CustomOperationTests.swift; sourceTree = "<group>"; };
		DC090AAD210B2CF6000F5B88 /* Info.plist */ = {isa = PBXFileReference; lastKnownFileType = text.plist.xml; path = Info.plist; sourceTree = "<group>"; };
		DC090AB7210B2D49000F5B88 /* DownloaderOperation.swift */ = {isa = PBXFileReference; lastKnownFileType = sourcecode.swift; path = DownloaderOperation.swift; sourceTree = "<group>"; };
		DC0BB17321101B7500144A3A /* PhotoManager.swift */ = {isa = PBXFileReference; lastKnownFileType = sourcecode.swift; path = PhotoManager.swift; sourceTree = "<group>"; };
		DC0BB17521102FA900144A3A /* PhotoViewController.swift */ = {isa = PBXFileReference; fileEncoding = 4; lastKnownFileType = sourcecode.swift; path = PhotoViewController.swift; sourceTree = "<group>"; };
		DC0BB1792110443A00144A3A /* PhotoDownload.swift */ = {isa = PBXFileReference; lastKnownFileType = sourcecode.swift; path = PhotoDownload.swift; sourceTree = "<group>"; };
		DCFC5628210EAA19008CF529 /* QueueManager.swift */ = {isa = PBXFileReference; lastKnownFileType = sourcecode.swift; path = QueueManager.swift; sourceTree = "<group>"; };
		DCFC562B210EAAF7008CF529 /* PhotoRecord.swift */ = {isa = PBXFileReference; lastKnownFileType = sourcecode.swift; path = PhotoRecord.swift; sourceTree = "<group>"; };
		DCFC562D210EAFD0008CF529 /* ClassicPhotosDictionary.plist */ = {isa = PBXFileReference; fileEncoding = 4; lastKnownFileType = text.plist.xml; path = ClassicPhotosDictionary.plist; sourceTree = "<group>"; };
		DCFC5630210EB0DE008CF529 /* PhotoCell.swift */ = {isa = PBXFileReference; lastKnownFileType = sourcecode.swift; path = PhotoCell.swift; sourceTree = "<group>"; };
/* End PBXFileReference section */

/* Begin PBXFrameworksBuildPhase section */
		DC090A90210B2CF5000F5B88 /* Frameworks */ = {
			isa = PBXFrameworksBuildPhase;
			buildActionMask = 2147483647;
			files = (
			);
			runOnlyForDeploymentPostprocessing = 0;
		};
		DC090AA4210B2CF6000F5B88 /* Frameworks */ = {
			isa = PBXFrameworksBuildPhase;
			buildActionMask = 2147483647;
			files = (
			);
			runOnlyForDeploymentPostprocessing = 0;
		};
/* End PBXFrameworksBuildPhase section */

/* Begin PBXGroup section */
		DC090A8A210B2CF5000F5B88 = {
			isa = PBXGroup;
			children = (
				DC090A95210B2CF5000F5B88 /* CustomOperation */,
				DC090AAA210B2CF6000F5B88 /* CustomOperationTests */,
				DC090A94210B2CF5000F5B88 /* Products */,
			);
			sourceTree = "<group>";
		};
		DC090A94210B2CF5000F5B88 /* Products */ = {
			isa = PBXGroup;
			children = (
				DC090A93210B2CF5000F5B88 /* CustomOperation.app */,
				DC090AA7210B2CF6000F5B88 /* CustomOperationTests.xctest */,
			);
			name = Products;
			sourceTree = "<group>";
		};
		DC090A95210B2CF5000F5B88 /* CustomOperation */ = {
			isa = PBXGroup;
			children = (
				DC090A96210B2CF5000F5B88 /* AppDelegate.swift */,
				DC0BB17721102FBF00144A3A /* Controller */,
				DCFC562F210EB0C2008CF529 /* View */,
				DCFC562A210EAAB5008CF529 /* Modal */,
				DC090AB6210B2D19000F5B88 /* Operation */,
				DC090A9A210B2CF5000F5B88 /* Main.storyboard */,
				DC0BB1782110309B00144A3A /* Resource */,
				DC090A9F210B2CF6000F5B88 /* LaunchScreen.storyboard */,
			);
			path = CustomOperation;
			sourceTree = "<group>";
		};
		DC090AAA210B2CF6000F5B88 /* CustomOperationTests */ = {
			isa = PBXGroup;
			children = (
				DC090AAB210B2CF6000F5B88 /* CustomOperationTests.swift */,
				DC090AAD210B2CF6000F5B88 /* Info.plist */,
			);
			path = CustomOperationTests;
			sourceTree = "<group>";
		};
		DC090AB6210B2D19000F5B88 /* Operation */ = {
			isa = PBXGroup;
			children = (
				DC090AB7210B2D49000F5B88 /* DownloaderOperation.swift */,
				DCFC5628210EAA19008CF529 /* QueueManager.swift */,
			);
			path = Operation;
			sourceTree = "<group>";
		};
		DC0BB17721102FBF00144A3A /* Controller */ = {
			isa = PBXGroup;
			children = (
				DC0BB17521102FA900144A3A /* PhotoViewController.swift */,
			);
			path = Controller;
			sourceTree = "<group>";
		};
		DC0BB1782110309B00144A3A /* Resource */ = {
			isa = PBXGroup;
			children = (
				DCFC562D210EAFD0008CF529 /* ClassicPhotosDictionary.plist */,
				DC090A9D210B2CF6000F5B88 /* Assets.xcassets */,
				DC090AA2210B2CF6000F5B88 /* Info.plist */,
			);
			path = Resource;
			sourceTree = "<group>";
		};
		DCFC562A210EAAB5008CF529 /* Modal */ = {
			isa = PBXGroup;
			children = (
				DC0BB17321101B7500144A3A /* PhotoManager.swift */,
				DCFC562B210EAAF7008CF529 /* PhotoRecord.swift */,
				DC0BB1792110443A00144A3A /* PhotoDownload.swift */,
			);
			path = Modal;
			sourceTree = "<group>";
		};
		DCFC562F210EB0C2008CF529 /* View */ = {
			isa = PBXGroup;
			children = (
				DCFC5630210EB0DE008CF529 /* PhotoCell.swift */,
			);
			path = View;
			sourceTree = "<group>";
		};
/* End PBXGroup section */

/* Begin PBXNativeTarget section */
		DC090A92210B2CF5000F5B88 /* CustomOperation */ = {
			isa = PBXNativeTarget;
			buildConfigurationList = DC090AB0210B2CF6000F5B88 /* Build configuration list for PBXNativeTarget "CustomOperation" */;
			buildPhases = (
				DC090A8F210B2CF5000F5B88 /* Sources */,
				DC090A90210B2CF5000F5B88 /* Frameworks */,
				DC090A91210B2CF5000F5B88 /* Resources */,
			);
			buildRules = (
			);
			dependencies = (
			);
			name = CustomOperation;
			productName = CustomOperation;
			productReference = DC090A93210B2CF5000F5B88 /* CustomOperation.app */;
			productType = "com.apple.product-type.application";
		};
		DC090AA6210B2CF6000F5B88 /* CustomOperationTests */ = {
			isa = PBXNativeTarget;
			buildConfigurationList = DC090AB3210B2CF6000F5B88 /* Build configuration list for PBXNativeTarget "CustomOperationTests" */;
			buildPhases = (
				DC090AA3210B2CF6000F5B88 /* Sources */,
				DC090AA4210B2CF6000F5B88 /* Frameworks */,
				DC090AA5210B2CF6000F5B88 /* Resources */,
			);
			buildRules = (
			);
			dependencies = (
				DC090AA9210B2CF6000F5B88 /* PBXTargetDependency */,
			);
			name = CustomOperationTests;
			productName = CustomOperationTests;
			productReference = DC090AA7210B2CF6000F5B88 /* CustomOperationTests.xctest */;
			productType = "com.apple.product-type.bundle.unit-test";
		};
/* End PBXNativeTarget section */

/* Begin PBXProject section */
		DC090A8B210B2CF5000F5B88 /* Project object */ = {
			isa = PBXProject;
			attributes = {
				LastSwiftUpdateCheck = 0940;
				LastUpgradeCheck = 0940;
				ORGANIZATIONNAME = "Bao Nguyen";
				TargetAttributes = {
					DC090A92210B2CF5000F5B88 = {
						CreatedOnToolsVersion = 9.4.1;
					};
					DC090AA6210B2CF6000F5B88 = {
						CreatedOnToolsVersion = 9.4.1;
						TestTargetID = DC090A92210B2CF5000F5B88;
					};
				};
			};
			buildConfigurationList = DC090A8E210B2CF5000F5B88 /* Build configuration list for PBXProject "CustomOperation" */;
			compatibilityVersion = "Xcode 9.3";
			developmentRegion = en;
			hasScannedForEncodings = 0;
			knownRegions = (
				en,
				Base,
			);
			mainGroup = DC090A8A210B2CF5000F5B88;
			productRefGroup = DC090A94210B2CF5000F5B88 /* Products */;
			projectDirPath = "";
			projectRoot = "";
			targets = (
				DC090A92210B2CF5000F5B88 /* CustomOperation */,
				DC090AA6210B2CF6000F5B88 /* CustomOperationTests */,
			);
		};
/* End PBXProject section */

/* Begin PBXResourcesBuildPhase section */
		DC090A91210B2CF5000F5B88 /* Resources */ = {
			isa = PBXResourcesBuildPhase;
			buildActionMask = 2147483647;
			files = (
				DCFC562E210EAFD0008CF529 /* ClassicPhotosDictionary.plist in Resources */,
				DC090AA1210B2CF6000F5B88 /* LaunchScreen.storyboard in Resources */,
				DC090A9E210B2CF6000F5B88 /* Assets.xcassets in Resources */,
				DC090A9C210B2CF5000F5B88 /* Main.storyboard in Resources */,
			);
			runOnlyForDeploymentPostprocessing = 0;
		};
		DC090AA5210B2CF6000F5B88 /* Resources */ = {
			isa = PBXResourcesBuildPhase;
			buildActionMask = 2147483647;
			files = (
			);
			runOnlyForDeploymentPostprocessing = 0;
		};
/* End PBXResourcesBuildPhase section */

/* Begin PBXSourcesBuildPhase section */
		DC090A8F210B2CF5000F5B88 /* Sources */ = {
			isa = PBXSourcesBuildPhase;
			buildActionMask = 2147483647;
			files = (
				DC0BB17A2110443A00144A3A /* PhotoDownload.swift in Sources */,
				DCFC5629210EAA19008CF529 /* QueueManager.swift in Sources */,
				DC0BB17421101B7500144A3A /* PhotoManager.swift in Sources */,
				DC090A97210B2CF5000F5B88 /* AppDelegate.swift in Sources */,
				DCFC562C210EAAF7008CF529 /* PhotoRecord.swift in Sources */,
				DC0BB17621102FA900144A3A /* PhotoViewController.swift in Sources */,
				DCFC5631210EB0DE008CF529 /* PhotoCell.swift in Sources */,
				DC090AB8210B2D49000F5B88 /* DownloaderOperation.swift in Sources */,
			);
			runOnlyForDeploymentPostprocessing = 0;
		};
		DC090AA3210B2CF6000F5B88 /* Sources */ = {
			isa = PBXSourcesBuildPhase;
			buildActionMask = 2147483647;
			files = (
				DC090AAC210B2CF6000F5B88 /* CustomOperationTests.swift in Sources */,
			);
			runOnlyForDeploymentPostprocessing = 0;
		};
/* End PBXSourcesBuildPhase section */

/* Begin PBXTargetDependency section */
		DC090AA9210B2CF6000F5B88 /* PBXTargetDependency */ = {
			isa = PBXTargetDependency;
			target = DC090A92210B2CF5000F5B88 /* CustomOperation */;
			targetProxy = DC090AA8210B2CF6000F5B88 /* PBXContainerItemProxy */;
		};
/* End PBXTargetDependency section */

/* Begin PBXVariantGroup section */
		DC090A9A210B2CF5000F5B88 /* Main.storyboard */ = {
			isa = PBXVariantGroup;
			children = (
				DC090A9B210B2CF5000F5B88 /* Base */,
			);
			name = Main.storyboard;
			sourceTree = "<group>";
		};
		DC090A9F210B2CF6000F5B88 /* LaunchScreen.storyboard */ = {
			isa = PBXVariantGroup;
			children = (
				DC090AA0210B2CF6000F5B88 /* Base */,
			);
			name = LaunchScreen.storyboard;
			sourceTree = "<group>";
		};
/* End PBXVariantGroup section */

/* Begin XCBuildConfiguration section */
		DC090AAE210B2CF6000F5B88 /* Debug */ = {
			isa = XCBuildConfiguration;
			buildSettings = {
				ALWAYS_SEARCH_USER_PATHS = NO;
				CLANG_ANALYZER_NONNULL = YES;
				CLANG_ANALYZER_NUMBER_OBJECT_CONVERSION = YES_AGGRESSIVE;
				CLANG_CXX_LANGUAGE_STANDARD = "gnu++14";
				CLANG_CXX_LIBRARY = "libc++";
				CLANG_ENABLE_MODULES = YES;
				CLANG_ENABLE_OBJC_ARC = YES;
				CLANG_ENABLE_OBJC_WEAK = YES;
				CLANG_WARN_BLOCK_CAPTURE_AUTORELEASING = YES;
				CLANG_WARN_BOOL_CONVERSION = YES;
				CLANG_WARN_COMMA = YES;
				CLANG_WARN_CONSTANT_CONVERSION = YES;
				CLANG_WARN_DEPRECATED_OBJC_IMPLEMENTATIONS = YES;
				CLANG_WARN_DIRECT_OBJC_ISA_USAGE = YES_ERROR;
				CLANG_WARN_DOCUMENTATION_COMMENTS = YES;
				CLANG_WARN_EMPTY_BODY = YES;
				CLANG_WARN_ENUM_CONVERSION = YES;
				CLANG_WARN_INFINITE_RECURSION = YES;
				CLANG_WARN_INT_CONVERSION = YES;
				CLANG_WARN_NON_LITERAL_NULL_CONVERSION = YES;
				CLANG_WARN_OBJC_IMPLICIT_RETAIN_SELF = YES;
				CLANG_WARN_OBJC_LITERAL_CONVERSION = YES;
				CLANG_WARN_OBJC_ROOT_CLASS = YES_ERROR;
				CLANG_WARN_RANGE_LOOP_ANALYSIS = YES;
				CLANG_WARN_STRICT_PROTOTYPES = YES;
				CLANG_WARN_SUSPICIOUS_MOVE = YES;
				CLANG_WARN_UNGUARDED_AVAILABILITY = YES_AGGRESSIVE;
				CLANG_WARN_UNREACHABLE_CODE = YES;
				CLANG_WARN__DUPLICATE_METHOD_MATCH = YES;
				CODE_SIGN_IDENTITY = "iPhone Developer";
				COPY_PHASE_STRIP = NO;
				DEBUG_INFORMATION_FORMAT = dwarf;
				ENABLE_STRICT_OBJC_MSGSEND = YES;
				ENABLE_TESTABILITY = YES;
				GCC_C_LANGUAGE_STANDARD = gnu11;
				GCC_DYNAMIC_NO_PIC = NO;
				GCC_NO_COMMON_BLOCKS = YES;
				GCC_OPTIMIZATION_LEVEL = 0;
				GCC_PREPROCESSOR_DEFINITIONS = (
					"DEBUG=1",
					"$(inherited)",
				);
				GCC_WARN_64_TO_32_BIT_CONVERSION = YES;
				GCC_WARN_ABOUT_RETURN_TYPE = YES_ERROR;
				GCC_WARN_UNDECLARED_SELECTOR = YES;
				GCC_WARN_UNINITIALIZED_AUTOS = YES_AGGRESSIVE;
				GCC_WARN_UNUSED_FUNCTION = YES;
				GCC_WARN_UNUSED_VARIABLE = YES;
				IPHONEOS_DEPLOYMENT_TARGET = 11.4;
				MTL_ENABLE_DEBUG_INFO = YES;
				ONLY_ACTIVE_ARCH = YES;
				SDKROOT = iphoneos;
				SWIFT_ACTIVE_COMPILATION_CONDITIONS = DEBUG;
				SWIFT_OPTIMIZATION_LEVEL = "-Onone";
			};
			name = Debug;
		};
		DC090AAF210B2CF6000F5B88 /* Release */ = {
			isa = XCBuildConfiguration;
			buildSettings = {
				ALWAYS_SEARCH_USER_PATHS = NO;
				CLANG_ANALYZER_NONNULL = YES;
				CLANG_ANALYZER_NUMBER_OBJECT_CONVERSION = YES_AGGRESSIVE;
				CLANG_CXX_LANGUAGE_STANDARD = "gnu++14";
				CLANG_CXX_LIBRARY = "libc++";
				CLANG_ENABLE_MODULES = YES;
				CLANG_ENABLE_OBJC_ARC = YES;
				CLANG_ENABLE_OBJC_WEAK = YES;
				CLANG_WARN_BLOCK_CAPTURE_AUTORELEASING = YES;
				CLANG_WARN_BOOL_CONVERSION = YES;
				CLANG_WARN_COMMA = YES;
				CLANG_WARN_CONSTANT_CONVERSION = YES;
				CLANG_WARN_DEPRECATED_OBJC_IMPLEMENTATIONS = YES;
				CLANG_WARN_DIRECT_OBJC_ISA_USAGE = YES_ERROR;
				CLANG_WARN_DOCUMENTATION_COMMENTS = YES;
				CLANG_WARN_EMPTY_BODY = YES;
				CLANG_WARN_ENUM_CONVERSION = YES;
				CLANG_WARN_INFINITE_RECURSION = YES;
				CLANG_WARN_INT_CONVERSION = YES;
				CLANG_WARN_NON_LITERAL_NULL_CONVERSION = YES;
				CLANG_WARN_OBJC_IMPLICIT_RETAIN_SELF = YES;
				CLANG_WARN_OBJC_LITERAL_CONVERSION = YES;
				CLANG_WARN_OBJC_ROOT_CLASS = YES_ERROR;
				CLANG_WARN_RANGE_LOOP_ANALYSIS = YES;
				CLANG_WARN_STRICT_PROTOTYPES = YES;
				CLANG_WARN_SUSPICIOUS_MOVE = YES;
				CLANG_WARN_UNGUARDED_AVAILABILITY = YES_AGGRESSIVE;
				CLANG_WARN_UNREACHABLE_CODE = YES;
				CLANG_WARN__DUPLICATE_METHOD_MATCH = YES;
				CODE_SIGN_IDENTITY = "iPhone Developer";
				COPY_PHASE_STRIP = NO;
				DEBUG_INFORMATION_FORMAT = "dwarf-with-dsym";
				ENABLE_NS_ASSERTIONS = NO;
				ENABLE_STRICT_OBJC_MSGSEND = YES;
				GCC_C_LANGUAGE_STANDARD = gnu11;
				GCC_NO_COMMON_BLOCKS = YES;
				GCC_WARN_64_TO_32_BIT_CONVERSION = YES;
				GCC_WARN_ABOUT_RETURN_TYPE = YES_ERROR;
				GCC_WARN_UNDECLARED_SELECTOR = YES;
				GCC_WARN_UNINITIALIZED_AUTOS = YES_AGGRESSIVE;
				GCC_WARN_UNUSED_FUNCTION = YES;
				GCC_WARN_UNUSED_VARIABLE = YES;
				IPHONEOS_DEPLOYMENT_TARGET = 11.4;
				MTL_ENABLE_DEBUG_INFO = NO;
				SDKROOT = iphoneos;
				SWIFT_COMPILATION_MODE = wholemodule;
				SWIFT_OPTIMIZATION_LEVEL = "-O";
				VALIDATE_PRODUCT = YES;
			};
			name = Release;
		};
		DC090AB1210B2CF6000F5B88 /* Debug */ = {
			isa = XCBuildConfiguration;
			buildSettings = {
				ASSETCATALOG_COMPILER_APPICON_NAME = AppIcon;
				CODE_SIGN_STYLE = Automatic;
				DEVELOPMENT_TEAM = MK2N7RD69E;
				INFOPLIST_FILE = "$(SRCROOT)/CustomOperation/Resource/Info.plist";
				LD_RUNPATH_SEARCH_PATHS = (
					"$(inherited)",
					"@executable_path/Frameworks",
				);
				PRODUCT_BUNDLE_IDENTIFIER = com.baon.CustomOperation;
				PRODUCT_NAME = "$(TARGET_NAME)";
				SWIFT_VERSION = 4.0;
				TARGETED_DEVICE_FAMILY = "1,2";
			};
			name = Debug;
		};
		DC090AB2210B2CF6000F5B88 /* Release */ = {
			isa = XCBuildConfiguration;
			buildSettings = {
				ASSETCATALOG_COMPILER_APPICON_NAME = AppIcon;
				CODE_SIGN_STYLE = Automatic;
				DEVELOPMENT_TEAM = MK2N7RD69E;
				INFOPLIST_FILE = "$(SRCROOT)/CustomOperation/Resource/Info.plist";
				LD_RUNPATH_SEARCH_PATHS = (
					"$(inherited)",
					"@executable_path/Frameworks",
				);
				PRODUCT_BUNDLE_IDENTIFIER = com.baon.CustomOperation;
				PRODUCT_NAME = "$(TARGET_NAME)";
				SWIFT_VERSION = 4.0;
				TARGETED_DEVICE_FAMILY = "1,2";
			};
			name = Release;
		};
		DC090AB4210B2CF6000F5B88 /* Debug */ = {
			isa = XCBuildConfiguration;
			buildSettings = {
				ALWAYS_EMBED_SWIFT_STANDARD_LIBRARIES = YES;
				BUNDLE_LOADER = "$(TEST_HOST)";
				CODE_SIGN_STYLE = Automatic;
				DEVELOPMENT_TEAM = MK2N7RD69E;
				INFOPLIST_FILE = CustomOperationTests/Info.plist;
				LD_RUNPATH_SEARCH_PATHS = (
					"$(inherited)",
					"@executable_path/Frameworks",
					"@loader_path/Frameworks",
				);
				PRODUCT_BUNDLE_IDENTIFIER = com.baon.CustomOperationTests;
				PRODUCT_NAME = "$(TARGET_NAME)";
				SWIFT_VERSION = 4.0;
				TARGETED_DEVICE_FAMILY = "1,2";
				TEST_HOST = "$(BUILT_PRODUCTS_DIR)/CustomOperation.app/CustomOperation";
			};
			name = Debug;
		};
		DC090AB5210B2CF6000F5B88 /* Release */ = {
			isa = XCBuildConfiguration;
			buildSettings = {
				ALWAYS_EMBED_SWIFT_STANDARD_LIBRARIES = YES;
				BUNDLE_LOADER = "$(TEST_HOST)";
				CODE_SIGN_STYLE = Automatic;
				DEVELOPMENT_TEAM = MK2N7RD69E;
				INFOPLIST_FILE = CustomOperationTests/Info.plist;
				LD_RUNPATH_SEARCH_PATHS = (
					"$(inherited)",
					"@executable_path/Frameworks",
					"@loader_path/Frameworks",
				);
				PRODUCT_BUNDLE_IDENTIFIER = com.baon.CustomOperationTests;
				PRODUCT_NAME = "$(TARGET_NAME)";
				SWIFT_VERSION = 4.0;
				TARGETED_DEVICE_FAMILY = "1,2";
				TEST_HOST = "$(BUILT_PRODUCTS_DIR)/CustomOperation.app/CustomOperation";
			};
			name = Release;
		};
/* End XCBuildConfiguration section */

/* Begin XCConfigurationList section */
		DC090A8E210B2CF5000F5B88 /* Build configuration list for PBXProject "CustomOperation" */ = {
			isa = XCConfigurationList;
			buildConfigurations = (
				DC090AAE210B2CF6000F5B88 /* Debug */,
				DC090AAF210B2CF6000F5B88 /* Release */,
			);
			defaultConfigurationIsVisible = 0;
			defaultConfigurationName = Release;
		};
		DC090AB0210B2CF6000F5B88 /* Build configuration list for PBXNativeTarget "CustomOperation" */ = {
			isa = XCConfigurationList;
			buildConfigurations = (
				DC090AB1210B2CF6000F5B88 /* Debug */,
				DC090AB2210B2CF6000F5B88 /* Release */,
			);
			defaultConfigurationIsVisible = 0;
			defaultConfigurationName = Release;
		};
		DC090AB3210B2CF6000F5B88 /* Build configuration list for PBXNativeTarget "CustomOperationTests" */ = {
			isa = XCConfigurationList;
			buildConfigurations = (
				DC090AB4210B2CF6000F5B88 /* Debug */,
				DC090AB5210B2CF6000F5B88 /* Release */,
			);
			defaultConfigurationIsVisible = 0;
			defaultConfigurationName = Release;
		};
/* End XCConfigurationList section */
	};
	rootObject = DC090A8B210B2CF5000F5B88 /* Project object */;
}
