// !$*UTF8*$!
{
	archiveVersion = 1;
	classes = {
	};
	objectVersion = 50;
	objects = {

/* Begin PBXBuildFile section */
		DCD01CD3211A9155006A5609 /* AppDelegate.swift in Sources */ = {isa = PBXBuildFile; fileRef = DCD01CD2211A9155006A5609 /* AppDelegate.swift */; };
		DCD01CD5211A9155006A5609 /* ViewController.swift in Sources */ = {isa = PBXBuildFile; fileRef = DCD01CD4211A9155006A5609 /* ViewController.swift */; };
		DCD01CD8211A9155006A5609 /* Main.storyboard in Resources */ = {isa = PBXBuildFile; fileRef = DCD01CD6211A9155006A5609 /* Main.storyboard */; };
		DCD01CDA211A9157006A5609 /* Assets.xcassets in Resources */ = {isa = PBXBuildFile; fileRef = DCD01CD9211A9157006A5609 /* Assets.xcassets */; };
		DCD01CDD211A9157006A5609 /* LaunchScreen.storyboard in Resources */ = {isa = PBXBuildFile; fileRef = DCD01CDB211A9157006A5609 /* LaunchScreen.storyboard */; };
		DCD01CE8211A9157006A5609 /* ObserverPatternTests.swift in Sources */ = {isa = PBXBuildFile; fileRef = DCD01CE7211A9157006A5609 /* ObserverPatternTests.swift */; };
		DCD01CF3211A92BD006A5609 /* Observable.swift in Sources */ = {isa = PBXBuildFile; fileRef = DCD01CF2211A92BD006A5609 /* Observable.swift */; };
/* End PBXBuildFile section */

/* Begin PBXContainerItemProxy section */
		DCD01CE4211A9157006A5609 /* PBXContainerItemProxy */ = {
			isa = PBXContainerItemProxy;
			containerPortal = DCD01CC7211A9155006A5609 /* Project object */;
			proxyType = 1;
			remoteGlobalIDString = DCD01CCE211A9155006A5609;
			remoteInfo = ObserverPattern;
		};
/* End PBXContainerItemProxy section */

/* Begin PBXFileReference section */
		DCD01CCF211A9155006A5609 /* ObserverPattern.app */ = {isa = PBXFileReference; explicitFileType = wrapper.application; includeInIndex = 0; path = ObserverPattern.app; sourceTree = BUILT_PRODUCTS_DIR; };
		DCD01CD2211A9155006A5609 /* AppDelegate.swift */ = {isa = PBXFileReference; lastKnownFileType = sourcecode.swift; path = AppDelegate.swift; sourceTree = "<group>"; };
		DCD01CD4211A9155006A5609 /* ViewController.swift */ = {isa = PBXFileReference; lastKnownFileType = sourcecode.swift; path = ViewController.swift; sourceTree = "<group>"; };
		DCD01CD7211A9155006A5609 /* Base */ = {isa = PBXFileReference; lastKnownFileType = file.storyboard; name = Base; path = Base.lproj/Main.storyboard; sourceTree = "<group>"; };
		DCD01CD9211A9157006A5609 /* Assets.xcassets */ = {isa = PBXFileReference; lastKnownFileType = folder.assetcatalog; path = Assets.xcassets; sourceTree = "<group>"; };
		DCD01CDC211A9157006A5609 /* Base */ = {isa = PBXFileReference; lastKnownFileType = file.storyboard; name = Base; path = Base.lproj/LaunchScreen.storyboard; sourceTree = "<group>"; };
		DCD01CDE211A9157006A5609 /* Info.plist */ = {isa = PBXFileReference; lastKnownFileType = text.plist.xml; path = Info.plist; sourceTree = "<group>"; };
		DCD01CE3211A9157006A5609 /* ObserverPatternTests.xctest */ = {isa = PBXFileReference; explicitFileType = wrapper.cfbundle; includeInIndex = 0; path = ObserverPatternTests.xctest; sourceTree = BUILT_PRODUCTS_DIR; };
		DCD01CE7211A9157006A5609 /* ObserverPatternTests.swift */ = {isa = PBXFileReference; lastKnownFileType = sourcecode.swift; path = ObserverPatternTests.swift; sourceTree = "<group>"; };
		DCD01CE9211A9157006A5609 /* Info.plist */ = {isa = PBXFileReference; lastKnownFileType = text.plist.xml; path = Info.plist; sourceTree = "<group>"; };
		DCD01CF2211A92BD006A5609 /* Observable.swift */ = {isa = PBXFileReference; lastKnownFileType = sourcecode.swift; path = Observable.swift; sourceTree = "<group>"; };
/* End PBXFileReference section */

/* Begin PBXFrameworksBuildPhase section */
		DCD01CCC211A9155006A5609 /* Frameworks */ = {
			isa = PBXFrameworksBuildPhase;
			buildActionMask = 2147483647;
			files = (
			);
			runOnlyForDeploymentPostprocessing = 0;
		};
		DCD01CE0211A9157006A5609 /* Frameworks */ = {
			isa = PBXFrameworksBuildPhase;
			buildActionMask = 2147483647;
			files = (
			);
			runOnlyForDeploymentPostprocessing = 0;
		};
/* End PBXFrameworksBuildPhase section */

/* Begin PBXGroup section */
		DCD01CC6211A9155006A5609 = {
			isa = PBXGroup;
			children = (
				DCD01CD1211A9155006A5609 /* ObserverPattern */,
				DCD01CE6211A9157006A5609 /* ObserverPatternTests */,
				DCD01CD0211A9155006A5609 /* Products */,
			);
			sourceTree = "<group>";
		};
		DCD01CD0211A9155006A5609 /* Products */ = {
			isa = PBXGroup;
			children = (
				DCD01CCF211A9155006A5609 /* ObserverPattern.app */,
				DCD01CE3211A9157006A5609 /* ObserverPatternTests.xctest */,
			);
			name = Products;
			sourceTree = "<group>";
		};
		DCD01CD1211A9155006A5609 /* ObserverPattern */ = {
			isa = PBXGroup;
			children = (
				DCD01CD2211A9155006A5609 /* AppDelegate.swift */,
				DCD01CD4211A9155006A5609 /* ViewController.swift */,
				DCD01CD6211A9155006A5609 /* Main.storyboard */,
				DCD01CD9211A9157006A5609 /* Assets.xcassets */,
				DCD01CDB211A9157006A5609 /* LaunchScreen.storyboard */,
				DCD01CDE211A9157006A5609 /* Info.plist */,
				DCD01CF2211A92BD006A5609 /* Observable.swift */,
			);
			path = ObserverPattern;
			sourceTree = "<group>";
		};
		DCD01CE6211A9157006A5609 /* ObserverPatternTests */ = {
			isa = PBXGroup;
			children = (
				DCD01CE7211A9157006A5609 /* ObserverPatternTests.swift */,
				DCD01CE9211A9157006A5609 /* Info.plist */,
			);
			path = ObserverPatternTests;
			sourceTree = "<group>";
		};
/* End PBXGroup section */

/* Begin PBXNativeTarget section */
		DCD01CCE211A9155006A5609 /* ObserverPattern */ = {
			isa = PBXNativeTarget;
			buildConfigurationList = DCD01CEC211A9157006A5609 /* Build configuration list for PBXNativeTarget "ObserverPattern" */;
			buildPhases = (
				DCD01CCB211A9155006A5609 /* Sources */,
				DCD01CCC211A9155006A5609 /* Frameworks */,
				DCD01CCD211A9155006A5609 /* Resources */,
			);
			buildRules = (
			);
			dependencies = (
			);
			name = ObserverPattern;
			productName = ObserverPattern;
			productReference = DCD01CCF211A9155006A5609 /* ObserverPattern.app */;
			productType = "com.apple.product-type.application";
		};
		DCD01CE2211A9157006A5609 /* ObserverPatternTests */ = {
			isa = PBXNativeTarget;
			buildConfigurationList = DCD01CEF211A9157006A5609 /* Build configuration list for PBXNativeTarget "ObserverPatternTests" */;
			buildPhases = (
				DCD01CDF211A9157006A5609 /* Sources */,
				DCD01CE0211A9157006A5609 /* Frameworks */,
				DCD01CE1211A9157006A5609 /* Resources */,
			);
			buildRules = (
			);
			dependencies = (
				DCD01CE5211A9157006A5609 /* PBXTargetDependency */,
			);
			name = ObserverPatternTests;
			productName = ObserverPatternTests;
			productReference = DCD01CE3211A9157006A5609 /* ObserverPatternTests.xctest */;
			productType = "com.apple.product-type.bundle.unit-test";
		};
/* End PBXNativeTarget section */

/* Begin PBXProject section */
		DCD01CC7211A9155006A5609 /* Project object */ = {
			isa = PBXProject;
			attributes = {
				LastSwiftUpdateCheck = 1000;
				LastUpgradeCheck = 1000;
				ORGANIZATIONNAME = "Bao Nguyen";
				TargetAttributes = {
					DCD01CCE211A9155006A5609 = {
						CreatedOnToolsVersion = 10.0;
					};
					DCD01CE2211A9157006A5609 = {
						CreatedOnToolsVersion = 10.0;
						TestTargetID = DCD01CCE211A9155006A5609;
					};
				};
			};
			buildConfigurationList = DCD01CCA211A9155006A5609 /* Build configuration list for PBXProject "ObserverPattern" */;
			compatibilityVersion = "Xcode 9.3";
			developmentRegion = en;
			hasScannedForEncodings = 0;
			knownRegions = (
				en,
				Base,
			);
			mainGroup = DCD01CC6211A9155006A5609;
			productRefGroup = DCD01CD0211A9155006A5609 /* Products */;
			projectDirPath = "";
			projectRoot = "";
			targets = (
				DCD01CCE211A9155006A5609 /* ObserverPattern */,
				DCD01CE2211A9157006A5609 /* ObserverPatternTests */,
			);
		};
/* End PBXProject section */

/* Begin PBXResourcesBuildPhase section */
		DCD01CCD211A9155006A5609 /* Resources */ = {
			isa = PBXResourcesBuildPhase;
			buildActionMask = 2147483647;
			files = (
				DCD01CDD211A9157006A5609 /* LaunchScreen.storyboard in Resources */,
				DCD01CDA211A9157006A5609 /* Assets.xcassets in Resources */,
				DCD01CD8211A9155006A5609 /* Main.storyboard in Resources */,
			);
			runOnlyForDeploymentPostprocessing = 0;
		};
		DCD01CE1211A9157006A5609 /* Resources */ = {
			isa = PBXResourcesBuildPhase;
			buildActionMask = 2147483647;
			files = (
			);
			runOnlyForDeploymentPostprocessing = 0;
		};
/* End PBXResourcesBuildPhase section */

/* Begin PBXSourcesBuildPhase section */
		DCD01CCB211A9155006A5609 /* Sources */ = {
			isa = PBXSourcesBuildPhase;
			buildActionMask = 2147483647;
			files = (
				DCD01CD5211A9155006A5609 /* ViewController.swift in Sources */,
				DCD01CF3211A92BD006A5609 /* Observable.swift in Sources */,
				DCD01CD3211A9155006A5609 /* AppDelegate.swift in Sources */,
			);
			runOnlyForDeploymentPostprocessing = 0;
		};
		DCD01CDF211A9157006A5609 /* Sources */ = {
			isa = PBXSourcesBuildPhase;
			buildActionMask = 2147483647;
			files = (
				DCD01CE8211A9157006A5609 /* ObserverPatternTests.swift in Sources */,
			);
			runOnlyForDeploymentPostprocessing = 0;
		};
/* End PBXSourcesBuildPhase section */

/* Begin PBXTargetDependency section */
		DCD01CE5211A9157006A5609 /* PBXTargetDependency */ = {
			isa = PBXTargetDependency;
			target = DCD01CCE211A9155006A5609 /* ObserverPattern */;
			targetProxy = DCD01CE4211A9157006A5609 /* PBXContainerItemProxy */;
		};
/* End PBXTargetDependency section */

/* Begin PBXVariantGroup section */
		DCD01CD6211A9155006A5609 /* Main.storyboard */ = {
			isa = PBXVariantGroup;
			children = (
				DCD01CD7211A9155006A5609 /* Base */,
			);
			name = Main.storyboard;
			sourceTree = "<group>";
		};
		DCD01CDB211A9157006A5609 /* LaunchScreen.storyboard */ = {
			isa = PBXVariantGroup;
			children = (
				DCD01CDC211A9157006A5609 /* Base */,
			);
			name = LaunchScreen.storyboard;
			sourceTree = "<group>";
		};
/* End PBXVariantGroup section */

/* Begin XCBuildConfiguration section */
		DCD01CEA211A9157006A5609 /* Debug */ = {
			isa = XCBuildConfiguration;
			buildSettings = {
				ALWAYS_SEARCH_USER_PATHS = NO;
				CLANG_ANALYZER_NONNULL = YES;
				CLANG_ANALYZER_NUMBER_OBJECT_CONVERSION = YES_AGGRESSIVE;
				CLANG_CXX_LANGUAGE_STANDARD = "gnu++14";
				CLANG_CXX_LIBRARY = "libc++";
				CLANG_ENABLE_MODULES = YES;
				CLANG_ENABLE_OBJC_ARC = YES;
				CLANG_ENABLE_OBJC_WEAK = YES;
				CLANG_WARN_BLOCK_CAPTURE_AUTORELEASING = YES;
				CLANG_WARN_BOOL_CONVERSION = YES;
				CLANG_WARN_COMMA = YES;
				CLANG_WARN_CONSTANT_CONVERSION = YES;
				CLANG_WARN_DEPRECATED_OBJC_IMPLEMENTATIONS = YES;
				CLANG_WARN_DIRECT_OBJC_ISA_USAGE = YES_ERROR;
				CLANG_WARN_DOCUMENTATION_COMMENTS = YES;
				CLANG_WARN_EMPTY_BODY = YES;
				CLANG_WARN_ENUM_CONVERSION = YES;
				CLANG_WARN_INFINITE_RECURSION = YES;
				CLANG_WARN_INT_CONVERSION = YES;
				CLANG_WARN_NON_LITERAL_NULL_CONVERSION = YES;
				CLANG_WARN_OBJC_IMPLICIT_RETAIN_SELF = YES;
				CLANG_WARN_OBJC_LITERAL_CONVERSION = YES;
				CLANG_WARN_OBJC_ROOT_CLASS = YES_ERROR;
				CLANG_WARN_RANGE_LOOP_ANALYSIS = YES;
				CLANG_WARN_STRICT_PROTOTYPES = YES;
				CLANG_WARN_SUSPICIOUS_MOVE = YES;
				CLANG_WARN_UNGUARDED_AVAILABILITY = YES_AGGRESSIVE;
				CLANG_WARN_UNREACHABLE_CODE = YES;
				CLANG_WARN__DUPLICATE_METHOD_MATCH = YES;
				CODE_SIGN_IDENTITY = "iPhone Developer";
				COPY_PHASE_STRIP = NO;
				DEBUG_INFORMATION_FORMAT = dwarf;
				ENABLE_STRICT_OBJC_MSGSEND = YES;
				ENABLE_TESTABILITY = YES;
				GCC_C_LANGUAGE_STANDARD = gnu11;
				GCC_DYNAMIC_NO_PIC = NO;
				GCC_NO_COMMON_BLOCKS = YES;
				GCC_OPTIMIZATION_LEVEL = 0;
				GCC_PREPROCESSOR_DEFINITIONS = (
					"DEBUG=1",
					"$(inherited)",
				);
				GCC_WARN_64_TO_32_BIT_CONVERSION = YES;
				GCC_WARN_ABOUT_RETURN_TYPE = YES_ERROR;
				GCC_WARN_UNDECLARED_SELECTOR = YES;
				GCC_WARN_UNINITIALIZED_AUTOS = YES_AGGRESSIVE;
				GCC_WARN_UNUSED_FUNCTION = YES;
				GCC_WARN_UNUSED_VARIABLE = YES;
				IPHONEOS_DEPLOYMENT_TARGET = 12.0;
				MTL_ENABLE_DEBUG_INFO = INCLUDE_SOURCE;
				MTL_FAST_MATH = YES;
				ONLY_ACTIVE_ARCH = YES;
				SDKROOT = iphoneos;
				SWIFT_ACTIVE_COMPILATION_CONDITIONS = DEBUG;
				SWIFT_OPTIMIZATION_LEVEL = "-Onone";
			};
			name = Debug;
		};
		DCD01CEB211A9157006A5609 /* Release */ = {
			isa = XCBuildConfiguration;
			buildSettings = {
				ALWAYS_SEARCH_USER_PATHS = NO;
				CLANG_ANALYZER_NONNULL = YES;
				CLANG_ANALYZER_NUMBER_OBJECT_CONVERSION = YES_AGGRESSIVE;
				CLANG_CXX_LANGUAGE_STANDARD = "gnu++14";
				CLANG_CXX_LIBRARY = "libc++";
				CLANG_ENABLE_MODULES = YES;
				CLANG_ENABLE_OBJC_ARC = YES;
				CLANG_ENABLE_OBJC_WEAK = YES;
				CLANG_WARN_BLOCK_CAPTURE_AUTORELEASING = YES;
				CLANG_WARN_BOOL_CONVERSION = YES;
				CLANG_WARN_COMMA = YES;
				CLANG_WARN_CONSTANT_CONVERSION = YES;
				CLANG_WARN_DEPRECATED_OBJC_IMPLEMENTATIONS = YES;
				CLANG_WARN_DIRECT_OBJC_ISA_USAGE = YES_ERROR;
				CLANG_WARN_DOCUMENTATION_COMMENTS = YES;
				CLANG_WARN_EMPTY_BODY = YES;
				CLANG_WARN_ENUM_CONVERSION = YES;
				CLANG_WARN_INFINITE_RECURSION = YES;
				CLANG_WARN_INT_CONVERSION = YES;
				CLANG_WARN_NON_LITERAL_NULL_CONVERSION = YES;
				CLANG_WARN_OBJC_IMPLICIT_RETAIN_SELF = YES;
				CLANG_WARN_OBJC_LITERAL_CONVERSION = YES;
				CLANG_WARN_OBJC_ROOT_CLASS = YES_ERROR;
				CLANG_WARN_RANGE_LOOP_ANALYSIS = YES;
				CLANG_WARN_STRICT_PROTOTYPES = YES;
				CLANG_WARN_SUSPICIOUS_MOVE = YES;
				CLANG_WARN_UNGUARDED_AVAILABILITY = YES_AGGRESSIVE;
				CLANG_WARN_UNREACHABLE_CODE = YES;
				CLANG_WARN__DUPLICATE_METHOD_MATCH = YES;
				CODE_SIGN_IDENTITY = "iPhone Developer";
				COPY_PHASE_STRIP = NO;
				DEBUG_INFORMATION_FORMAT = "dwarf-with-dsym";
				ENABLE_NS_ASSERTIONS = NO;
				ENABLE_STRICT_OBJC_MSGSEND = YES;
				GCC_C_LANGUAGE_STANDARD = gnu11;
				GCC_NO_COMMON_BLOCKS = YES;
				GCC_WARN_64_TO_32_BIT_CONVERSION = YES;
				GCC_WARN_ABOUT_RETURN_TYPE = YES_ERROR;
				GCC_WARN_UNDECLARED_SELECTOR = YES;
				GCC_WARN_UNINITIALIZED_AUTOS = YES_AGGRESSIVE;
				GCC_WARN_UNUSED_FUNCTION = YES;
				GCC_WARN_UNUSED_VARIABLE = YES;
				IPHONEOS_DEPLOYMENT_TARGET = 12.0;
				MTL_ENABLE_DEBUG_INFO = NO;
				MTL_FAST_MATH = YES;
				SDKROOT = iphoneos;
				SWIFT_COMPILATION_MODE = wholemodule;
				SWIFT_OPTIMIZATION_LEVEL = "-O";
				VALIDATE_PRODUCT = YES;
			};
			name = Release;
		};
		DCD01CED211A9157006A5609 /* Debug */ = {
			isa = XCBuildConfiguration;
			buildSettings = {
				ASSETCATALOG_COMPILER_APPICON_NAME = AppIcon;
				CODE_SIGN_STYLE = Automatic;
				DEVELOPMENT_TEAM = MK2N7RD69E;
				INFOPLIST_FILE = ObserverPattern/Info.plist;
				IPHONEOS_DEPLOYMENT_TARGET = 9.0;
				LD_RUNPATH_SEARCH_PATHS = (
					"$(inherited)",
					"@executable_path/Frameworks",
				);
				PRODUCT_BUNDLE_IDENTIFIER = com.baon.ObserverPattern;
				PRODUCT_NAME = "$(TARGET_NAME)";
				SWIFT_VERSION = 4.2;
				TARGETED_DEVICE_FAMILY = "1,2";
			};
			name = Debug;
		};
		DCD01CEE211A9157006A5609 /* Release */ = {
			isa = XCBuildConfiguration;
			buildSettings = {
				ASSETCATALOG_COMPILER_APPICON_NAME = AppIcon;
				CODE_SIGN_STYLE = Automatic;
				DEVELOPMENT_TEAM = MK2N7RD69E;
				INFOPLIST_FILE = ObserverPattern/Info.plist;
				IPHONEOS_DEPLOYMENT_TARGET = 9.0;
				LD_RUNPATH_SEARCH_PATHS = (
					"$(inherited)",
					"@executable_path/Frameworks",
				);
				PRODUCT_BUNDLE_IDENTIFIER = com.baon.ObserverPattern;
				PRODUCT_NAME = "$(TARGET_NAME)";
				SWIFT_VERSION = 4.2;
				TARGETED_DEVICE_FAMILY = "1,2";
			};
			name = Release;
		};
		DCD01CF0211A9157006A5609 /* Debug */ = {
			isa = XCBuildConfiguration;
			buildSettings = {
				ALWAYS_EMBED_SWIFT_STANDARD_LIBRARIES = YES;
				BUNDLE_LOADER = "$(TEST_HOST)";
				CODE_SIGN_STYLE = Automatic;
				DEVELOPMENT_TEAM = MK2N7RD69E;
				INFOPLIST_FILE = ObserverPatternTests/Info.plist;
				LD_RUNPATH_SEARCH_PATHS = (
					"$(inherited)",
					"@executable_path/Frameworks",
					"@loader_path/Frameworks",
				);
				PRODUCT_BUNDLE_IDENTIFIER = com.baon.ObserverPatternTests;
				PRODUCT_NAME = "$(TARGET_NAME)";
				SWIFT_VERSION = 4.2;
				TARGETED_DEVICE_FAMILY = "1,2";
				TEST_HOST = "$(BUILT_PRODUCTS_DIR)/ObserverPattern.app/ObserverPattern";
			};
			name = Debug;
		};
		DCD01CF1211A9157006A5609 /* Release */ = {
			isa = XCBuildConfiguration;
			buildSettings = {
				ALWAYS_EMBED_SWIFT_STANDARD_LIBRARIES = YES;
				BUNDLE_LOADER = "$(TEST_HOST)";
				CODE_SIGN_STYLE = Automatic;
				DEVELOPMENT_TEAM = MK2N7RD69E;
				INFOPLIST_FILE = ObserverPatternTests/Info.plist;
				LD_RUNPATH_SEARCH_PATHS = (
					"$(inherited)",
					"@executable_path/Frameworks",
					"@loader_path/Frameworks",
				);
				PRODUCT_BUNDLE_IDENTIFIER = com.baon.ObserverPatternTests;
				PRODUCT_NAME = "$(TARGET_NAME)";
				SWIFT_VERSION = 4.2;
				TARGETED_DEVICE_FAMILY = "1,2";
				TEST_HOST = "$(BUILT_PRODUCTS_DIR)/ObserverPattern.app/ObserverPattern";
			};
			name = Release;
		};
/* End XCBuildConfiguration section */

/* Begin XCConfigurationList section */
		DCD01CCA211A9155006A5609 /* Build configuration list for PBXProject "ObserverPattern" */ = {
			isa = XCConfigurationList;
			buildConfigurations = (
				DCD01CEA211A9157006A5609 /* Debug */,
				DCD01CEB211A9157006A5609 /* Release */,
			);
			defaultConfigurationIsVisible = 0;
			defaultConfigurationName = Release;
		};
		DCD01CEC211A9157006A5609 /* Build configuration list for PBXNativeTarget "ObserverPattern" */ = {
			isa = XCConfigurationList;
			buildConfigurations = (
				DCD01CED211A9157006A5609 /* Debug */,
				DCD01CEE211A9157006A5609 /* Release */,
			);
			defaultConfigurationIsVisible = 0;
			defaultConfigurationName = Release;
		};
		DCD01CEF211A9157006A5609 /* Build configuration list for PBXNativeTarget "ObserverPatternTests" */ = {
			isa = XCConfigurationList;
			buildConfigurations = (
				DCD01CF0211A9157006A5609 /* Debug */,
				DCD01CF1211A9157006A5609 /* Release */,
			);
			defaultConfigurationIsVisible = 0;
			defaultConfigurationName = Release;
		};
/* End XCConfigurationList section */
	};
	rootObject = DCD01CC7211A9155006A5609 /* Project object */;
}
