// !$*UTF8*$!
{
	archiveVersion = 1;
	classes = {
	};
	objectVersion = 50;
	objects = {

/* Begin PBXBuildFile section */
		DCB6D96E212A61B50071E47E /* AppDelegate.swift in Sources */ = {isa = PBXBuildFile; fileRef = DCB6D96D212A61B50071E47E /* AppDelegate.swift */; };
		DCB6D970212A61B50071E47E /* ViewController.swift in Sources */ = {isa = PBXBuildFile; fileRef = DCB6D96F212A61B50071E47E /* ViewController.swift */; };
		DCB6D973212A61B50071E47E /* Main.storyboard in Resources */ = {isa = PBXBuildFile; fileRef = DCB6D971212A61B50071E47E /* Main.storyboard */; };
		DCB6D975212A61B60071E47E /* Assets.xcassets in Resources */ = {isa = PBXBuildFile; fileRef = DCB6D974212A61B60071E47E /* Assets.xcassets */; };
		DCB6D978212A61B60071E47E /* LaunchScreen.storyboard in Resources */ = {isa = PBXBuildFile; fileRef = DCB6D976212A61B60071E47E /* LaunchScreen.storyboard */; };
		DCB6D983212A61B60071E47E /* StickyHeaderViewTests.swift in Sources */ = {isa = PBXBuildFile; fileRef = DCB6D982212A61B60071E47E /* StickyHeaderViewTests.swift */; };
		DCB6D98E212A61DB0071E47E /* CustomHeaderView.swift in Sources */ = {isa = PBXBuildFile; fileRef = DCB6D98D212A61DB0071E47E /* CustomHeaderView.swift */; };
/* End PBXBuildFile section */

/* Begin PBXContainerItemProxy section */
		DCB6D97F212A61B60071E47E /* PBXContainerItemProxy */ = {
			isa = PBXContainerItemProxy;
			containerPortal = DCB6D962212A61B50071E47E /* Project object */;
			proxyType = 1;
			remoteGlobalIDString = DCB6D969212A61B50071E47E;
			remoteInfo = StickyHeaderView;
		};
/* End PBXContainerItemProxy section */

/* Begin PBXFileReference section */
		DCB6D96A212A61B50071E47E /* StickyHeaderView.app */ = {isa = PBXFileReference; explicitFileType = wrapper.application; includeInIndex = 0; path = StickyHeaderView.app; sourceTree = BUILT_PRODUCTS_DIR; };
		DCB6D96D212A61B50071E47E /* AppDelegate.swift */ = {isa = PBXFileReference; lastKnownFileType = sourcecode.swift; path = AppDelegate.swift; sourceTree = "<group>"; };
		DCB6D96F212A61B50071E47E /* ViewController.swift */ = {isa = PBXFileReference; lastKnownFileType = sourcecode.swift; path = ViewController.swift; sourceTree = "<group>"; };
		DCB6D972212A61B50071E47E /* Base */ = {isa = PBXFileReference; lastKnownFileType = file.storyboard; name = Base; path = Base.lproj/Main.storyboard; sourceTree = "<group>"; };
		DCB6D974212A61B60071E47E /* Assets.xcassets */ = {isa = PBXFileReference; lastKnownFileType = folder.assetcatalog; path = Assets.xcassets; sourceTree = "<group>"; };
		DCB6D977212A61B60071E47E /* Base */ = {isa = PBXFileReference; lastKnownFileType = file.storyboard; name = Base; path = Base.lproj/LaunchScreen.storyboard; sourceTree = "<group>"; };
		DCB6D979212A61B60071E47E /* Info.plist */ = {isa = PBXFileReference; lastKnownFileType = text.plist.xml; path = Info.plist; sourceTree = "<group>"; };
		DCB6D97E212A61B60071E47E /* StickyHeaderViewTests.xctest */ = {isa = PBXFileReference; explicitFileType = wrapper.cfbundle; includeInIndex = 0; path = StickyHeaderViewTests.xctest; sourceTree = BUILT_PRODUCTS_DIR; };
		DCB6D982212A61B60071E47E /* StickyHeaderViewTests.swift */ = {isa = PBXFileReference; lastKnownFileType = sourcecode.swift; path = StickyHeaderViewTests.swift; sourceTree = "<group>"; };
		DCB6D984212A61B60071E47E /* Info.plist */ = {isa = PBXFileReference; lastKnownFileType = text.plist.xml; path = Info.plist; sourceTree = "<group>"; };
		DCB6D98D212A61DB0071E47E /* CustomHeaderView.swift */ = {isa = PBXFileReference; lastKnownFileType = sourcecode.swift; path = CustomHeaderView.swift; sourceTree = "<group>"; };
/* End PBXFileReference section */

/* Begin PBXFrameworksBuildPhase section */
		DCB6D967212A61B50071E47E /* Frameworks */ = {
			isa = PBXFrameworksBuildPhase;
			buildActionMask = 2147483647;
			files = (
			);
			runOnlyForDeploymentPostprocessing = 0;
		};
		DCB6D97B212A61B60071E47E /* Frameworks */ = {
			isa = PBXFrameworksBuildPhase;
			buildActionMask = 2147483647;
			files = (
			);
			runOnlyForDeploymentPostprocessing = 0;
		};
/* End PBXFrameworksBuildPhase section */

/* Begin PBXGroup section */
		DCB6D961212A61B50071E47E = {
			isa = PBXGroup;
			children = (
				DCB6D96C212A61B50071E47E /* StickyHeaderView */,
				DCB6D981212A61B60071E47E /* StickyHeaderViewTests */,
				DCB6D96B212A61B50071E47E /* Products */,
			);
			sourceTree = "<group>";
		};
		DCB6D96B212A61B50071E47E /* Products */ = {
			isa = PBXGroup;
			children = (
				DCB6D96A212A61B50071E47E /* StickyHeaderView.app */,
				DCB6D97E212A61B60071E47E /* StickyHeaderViewTests.xctest */,
			);
			name = Products;
			sourceTree = "<group>";
		};
		DCB6D96C212A61B50071E47E /* StickyHeaderView */ = {
			isa = PBXGroup;
			children = (
				DCB6D96D212A61B50071E47E /* AppDelegate.swift */,
				DCB6D96F212A61B50071E47E /* ViewController.swift */,
				DCB6D971212A61B50071E47E /* Main.storyboard */,
				DCB6D974212A61B60071E47E /* Assets.xcassets */,
				DCB6D976212A61B60071E47E /* LaunchScreen.storyboard */,
				DCB6D979212A61B60071E47E /* Info.plist */,
				DCB6D98D212A61DB0071E47E /* CustomHeaderView.swift */,
			);
			path = StickyHeaderView;
			sourceTree = "<group>";
		};
		DCB6D981212A61B60071E47E /* StickyHeaderViewTests */ = {
			isa = PBXGroup;
			children = (
				DCB6D982212A61B60071E47E /* StickyHeaderViewTests.swift */,
				DCB6D984212A61B60071E47E /* Info.plist */,
			);
			path = StickyHeaderViewTests;
			sourceTree = "<group>";
		};
/* End PBXGroup section */

/* Begin PBXNativeTarget section */
		DCB6D969212A61B50071E47E /* StickyHeaderView */ = {
			isa = PBXNativeTarget;
			buildConfigurationList = DCB6D987212A61B60071E47E /* Build configuration list for PBXNativeTarget "StickyHeaderView" */;
			buildPhases = (
				DCB6D966212A61B50071E47E /* Sources */,
				DCB6D967212A61B50071E47E /* Frameworks */,
				DCB6D968212A61B50071E47E /* Resources */,
			);
			buildRules = (
			);
			dependencies = (
			);
			name = StickyHeaderView;
			productName = StickyHeaderView;
			productReference = DCB6D96A212A61B50071E47E /* StickyHeaderView.app */;
			productType = "com.apple.product-type.application";
		};
		DCB6D97D212A61B60071E47E /* StickyHeaderViewTests */ = {
			isa = PBXNativeTarget;
			buildConfigurationList = DCB6D98A212A61B60071E47E /* Build configuration list for PBXNativeTarget "StickyHeaderViewTests" */;
			buildPhases = (
				DCB6D97A212A61B60071E47E /* Sources */,
				DCB6D97B212A61B60071E47E /* Frameworks */,
				DCB6D97C212A61B60071E47E /* Resources */,
			);
			buildRules = (
			);
			dependencies = (
				DCB6D980212A61B60071E47E /* PBXTargetDependency */,
			);
			name = StickyHeaderViewTests;
			productName = StickyHeaderViewTests;
			productReference = DCB6D97E212A61B60071E47E /* StickyHeaderViewTests.xctest */;
			productType = "com.apple.product-type.bundle.unit-test";
		};
/* End PBXNativeTarget section */

/* Begin PBXProject section */
		DCB6D962212A61B50071E47E /* Project object */ = {
			isa = PBXProject;
			attributes = {
				LastSwiftUpdateCheck = 1000;
				LastUpgradeCheck = 1000;
				ORGANIZATIONNAME = "Bao Nguyen";
				TargetAttributes = {
					DCB6D969212A61B50071E47E = {
						CreatedOnToolsVersion = 10.0;
					};
					DCB6D97D212A61B60071E47E = {
						CreatedOnToolsVersion = 10.0;
						TestTargetID = DCB6D969212A61B50071E47E;
					};
				};
			};
			buildConfigurationList = DCB6D965212A61B50071E47E /* Build configuration list for PBXProject "StickyHeaderView" */;
			compatibilityVersion = "Xcode 9.3";
			developmentRegion = en;
			hasScannedForEncodings = 0;
			knownRegions = (
				en,
				Base,
			);
			mainGroup = DCB6D961212A61B50071E47E;
			productRefGroup = DCB6D96B212A61B50071E47E /* Products */;
			projectDirPath = "";
			projectRoot = "";
			targets = (
				DCB6D969212A61B50071E47E /* StickyHeaderView */,
				DCB6D97D212A61B60071E47E /* StickyHeaderViewTests */,
			);
		};
/* End PBXProject section */

/* Begin PBXResourcesBuildPhase section */
		DCB6D968212A61B50071E47E /* Resources */ = {
			isa = PBXResourcesBuildPhase;
			buildActionMask = 2147483647;
			files = (
				DCB6D978212A61B60071E47E /* LaunchScreen.storyboard in Resources */,
				DCB6D975212A61B60071E47E /* Assets.xcassets in Resources */,
				DCB6D973212A61B50071E47E /* Main.storyboard in Resources */,
			);
			runOnlyForDeploymentPostprocessing = 0;
		};
		DCB6D97C212A61B60071E47E /* Resources */ = {
			isa = PBXResourcesBuildPhase;
			buildActionMask = 2147483647;
			files = (
			);
			runOnlyForDeploymentPostprocessing = 0;
		};
/* End PBXResourcesBuildPhase section */

/* Begin PBXSourcesBuildPhase section */
		DCB6D966212A61B50071E47E /* Sources */ = {
			isa = PBXSourcesBuildPhase;
			buildActionMask = 2147483647;
			files = (
				DCB6D970212A61B50071E47E /* ViewController.swift in Sources */,
				DCB6D98E212A61DB0071E47E /* CustomHeaderView.swift in Sources */,
				DCB6D96E212A61B50071E47E /* AppDelegate.swift in Sources */,
			);
			runOnlyForDeploymentPostprocessing = 0;
		};
		DCB6D97A212A61B60071E47E /* Sources */ = {
			isa = PBXSourcesBuildPhase;
			buildActionMask = 2147483647;
			files = (
				DCB6D983212A61B60071E47E /* StickyHeaderViewTests.swift in Sources */,
			);
			runOnlyForDeploymentPostprocessing = 0;
		};
/* End PBXSourcesBuildPhase section */

/* Begin PBXTargetDependency section */
		DCB6D980212A61B60071E47E /* PBXTargetDependency */ = {
			isa = PBXTargetDependency;
			target = DCB6D969212A61B50071E47E /* StickyHeaderView */;
			targetProxy = DCB6D97F212A61B60071E47E /* PBXContainerItemProxy */;
		};
/* End PBXTargetDependency section */

/* Begin PBXVariantGroup section */
		DCB6D971212A61B50071E47E /* Main.storyboard */ = {
			isa = PBXVariantGroup;
			children = (
				DCB6D972212A61B50071E47E /* Base */,
			);
			name = Main.storyboard;
			sourceTree = "<group>";
		};
		DCB6D976212A61B60071E47E /* LaunchScreen.storyboard */ = {
			isa = PBXVariantGroup;
			children = (
				DCB6D977212A61B60071E47E /* Base */,
			);
			name = LaunchScreen.storyboard;
			sourceTree = "<group>";
		};
/* End PBXVariantGroup section */

/* Begin XCBuildConfiguration section */
		DCB6D985212A61B60071E47E /* Debug */ = {
			isa = XCBuildConfiguration;
			buildSettings = {
				ALWAYS_SEARCH_USER_PATHS = NO;
				CLANG_ANALYZER_NONNULL = YES;
				CLANG_ANALYZER_NUMBER_OBJECT_CONVERSION = YES_AGGRESSIVE;
				CLANG_CXX_LANGUAGE_STANDARD = "gnu++14";
				CLANG_CXX_LIBRARY = "libc++";
				CLANG_ENABLE_MODULES = YES;
				CLANG_ENABLE_OBJC_ARC = YES;
				CLANG_ENABLE_OBJC_WEAK = YES;
				CLANG_WARN_BLOCK_CAPTURE_AUTORELEASING = YES;
				CLANG_WARN_BOOL_CONVERSION = YES;
				CLANG_WARN_COMMA = YES;
				CLANG_WARN_CONSTANT_CONVERSION = YES;
				CLANG_WARN_DEPRECATED_OBJC_IMPLEMENTATIONS = YES;
				CLANG_WARN_DIRECT_OBJC_ISA_USAGE = YES_ERROR;
				CLANG_WARN_DOCUMENTATION_COMMENTS = YES;
				CLANG_WARN_EMPTY_BODY = YES;
				CLANG_WARN_ENUM_CONVERSION = YES;
				CLANG_WARN_INFINITE_RECURSION = YES;
				CLANG_WARN_INT_CONVERSION = YES;
				CLANG_WARN_NON_LITERAL_NULL_CONVERSION = YES;
				CLANG_WARN_OBJC_IMPLICIT_RETAIN_SELF = YES;
				CLANG_WARN_OBJC_LITERAL_CONVERSION = YES;
				CLANG_WARN_OBJC_ROOT_CLASS = YES_ERROR;
				CLANG_WARN_RANGE_LOOP_ANALYSIS = YES;
				CLANG_WARN_STRICT_PROTOTYPES = YES;
				CLANG_WARN_SUSPICIOUS_MOVE = YES;
				CLANG_WARN_UNGUARDED_AVAILABILITY = YES_AGGRESSIVE;
				CLANG_WARN_UNREACHABLE_CODE = YES;
				CLANG_WARN__DUPLICATE_METHOD_MATCH = YES;
				CODE_SIGN_IDENTITY = "iPhone Developer";
				COPY_PHASE_STRIP = NO;
				DEBUG_INFORMATION_FORMAT = dwarf;
				ENABLE_STRICT_OBJC_MSGSEND = YES;
				ENABLE_TESTABILITY = YES;
				GCC_C_LANGUAGE_STANDARD = gnu11;
				GCC_DYNAMIC_NO_PIC = NO;
				GCC_NO_COMMON_BLOCKS = YES;
				GCC_OPTIMIZATION_LEVEL = 0;
				GCC_PREPROCESSOR_DEFINITIONS = (
					"DEBUG=1",
					"$(inherited)",
				);
				GCC_WARN_64_TO_32_BIT_CONVERSION = YES;
				GCC_WARN_ABOUT_RETURN_TYPE = YES_ERROR;
				GCC_WARN_UNDECLARED_SELECTOR = YES;
				GCC_WARN_UNINITIALIZED_AUTOS = YES_AGGRESSIVE;
				GCC_WARN_UNUSED_FUNCTION = YES;
				GCC_WARN_UNUSED_VARIABLE = YES;
				IPHONEOS_DEPLOYMENT_TARGET = 9.0;
				MTL_ENABLE_DEBUG_INFO = INCLUDE_SOURCE;
				MTL_FAST_MATH = YES;
				ONLY_ACTIVE_ARCH = YES;
				SDKROOT = iphoneos;
				SWIFT_ACTIVE_COMPILATION_CONDITIONS = DEBUG;
				SWIFT_OPTIMIZATION_LEVEL = "-Onone";
			};
			name = Debug;
		};
		DCB6D986212A61B60071E47E /* Release */ = {
			isa = XCBuildConfiguration;
			buildSettings = {
				ALWAYS_SEARCH_USER_PATHS = NO;
				CLANG_ANALYZER_NONNULL = YES;
				CLANG_ANALYZER_NUMBER_OBJECT_CONVERSION = YES_AGGRESSIVE;
				CLANG_CXX_LANGUAGE_STANDARD = "gnu++14";
				CLANG_CXX_LIBRARY = "libc++";
				CLANG_ENABLE_MODULES = YES;
				CLANG_ENABLE_OBJC_ARC = YES;
				CLANG_ENABLE_OBJC_WEAK = YES;
				CLANG_WARN_BLOCK_CAPTURE_AUTORELEASING = YES;
				CLANG_WARN_BOOL_CONVERSION = YES;
				CLANG_WARN_COMMA = YES;
				CLANG_WARN_CONSTANT_CONVERSION = YES;
				CLANG_WARN_DEPRECATED_OBJC_IMPLEMENTATIONS = YES;
				CLANG_WARN_DIRECT_OBJC_ISA_USAGE = YES_ERROR;
				CLANG_WARN_DOCUMENTATION_COMMENTS = YES;
				CLANG_WARN_EMPTY_BODY = YES;
				CLANG_WARN_ENUM_CONVERSION = YES;
				CLANG_WARN_INFINITE_RECURSION = YES;
				CLANG_WARN_INT_CONVERSION = YES;
				CLANG_WARN_NON_LITERAL_NULL_CONVERSION = YES;
				CLANG_WARN_OBJC_IMPLICIT_RETAIN_SELF = YES;
				CLANG_WARN_OBJC_LITERAL_CONVERSION = YES;
				CLANG_WARN_OBJC_ROOT_CLASS = YES_ERROR;
				CLANG_WARN_RANGE_LOOP_ANALYSIS = YES;
				CLANG_WARN_STRICT_PROTOTYPES = YES;
				CLANG_WARN_SUSPICIOUS_MOVE = YES;
				CLANG_WARN_UNGUARDED_AVAILABILITY = YES_AGGRESSIVE;
				CLANG_WARN_UNREACHABLE_CODE = YES;
				CLANG_WARN__DUPLICATE_METHOD_MATCH = YES;
				CODE_SIGN_IDENTITY = "iPhone Developer";
				COPY_PHASE_STRIP = NO;
				DEBUG_INFORMATION_FORMAT = "dwarf-with-dsym";
				ENABLE_NS_ASSERTIONS = NO;
				ENABLE_STRICT_OBJC_MSGSEND = YES;
				GCC_C_LANGUAGE_STANDARD = gnu11;
				GCC_NO_COMMON_BLOCKS = YES;
				GCC_WARN_64_TO_32_BIT_CONVERSION = YES;
				GCC_WARN_ABOUT_RETURN_TYPE = YES_ERROR;
				GCC_WARN_UNDECLARED_SELECTOR = YES;
				GCC_WARN_UNINITIALIZED_AUTOS = YES_AGGRESSIVE;
				GCC_WARN_UNUSED_FUNCTION = YES;
				GCC_WARN_UNUSED_VARIABLE = YES;
				IPHONEOS_DEPLOYMENT_TARGET = 9.0;
				MTL_ENABLE_DEBUG_INFO = NO;
				MTL_FAST_MATH = YES;
				SDKROOT = iphoneos;
				SWIFT_COMPILATION_MODE = wholemodule;
				SWIFT_OPTIMIZATION_LEVEL = "-O";
				VALIDATE_PRODUCT = YES;
			};
			name = Release;
		};
		DCB6D988212A61B60071E47E /* Debug */ = {
			isa = XCBuildConfiguration;
			buildSettings = {
				ASSETCATALOG_COMPILER_APPICON_NAME = AppIcon;
				CODE_SIGN_STYLE = Automatic;
				DEVELOPMENT_TEAM = MK2N7RD69E;
				INFOPLIST_FILE = StickyHeaderView/Info.plist;
				IPHONEOS_DEPLOYMENT_TARGET = 9.0;
				LD_RUNPATH_SEARCH_PATHS = (
					"$(inherited)",
					"@executable_path/Frameworks",
				);
				PRODUCT_BUNDLE_IDENTIFIER = com.baon.StickyHeaderView;
				PRODUCT_NAME = "$(TARGET_NAME)";
				SWIFT_VERSION = 4.2;
				TARGETED_DEVICE_FAMILY = "1,2";
			};
			name = Debug;
		};
		DCB6D989212A61B60071E47E /* Release */ = {
			isa = XCBuildConfiguration;
			buildSettings = {
				ASSETCATALOG_COMPILER_APPICON_NAME = AppIcon;
				CODE_SIGN_STYLE = Automatic;
				DEVELOPMENT_TEAM = MK2N7RD69E;
				INFOPLIST_FILE = StickyHeaderView/Info.plist;
				IPHONEOS_DEPLOYMENT_TARGET = 9.0;
				LD_RUNPATH_SEARCH_PATHS = (
					"$(inherited)",
					"@executable_path/Frameworks",
				);
				PRODUCT_BUNDLE_IDENTIFIER = com.baon.StickyHeaderView;
				PRODUCT_NAME = "$(TARGET_NAME)";
				SWIFT_VERSION = 4.2;
				TARGETED_DEVICE_FAMILY = "1,2";
			};
			name = Release;
		};
		DCB6D98B212A61B60071E47E /* Debug */ = {
			isa = XCBuildConfiguration;
			buildSettings = {
				ALWAYS_EMBED_SWIFT_STANDARD_LIBRARIES = YES;
				BUNDLE_LOADER = "$(TEST_HOST)";
				CODE_SIGN_STYLE = Automatic;
				DEVELOPMENT_TEAM = MK2N7RD69E;
				INFOPLIST_FILE = StickyHeaderViewTests/Info.plist;
				LD_RUNPATH_SEARCH_PATHS = (
					"$(inherited)",
					"@executable_path/Frameworks",
					"@loader_path/Frameworks",
				);
				PRODUCT_BUNDLE_IDENTIFIER = com.baon.StickyHeaderViewTests;
				PRODUCT_NAME = "$(TARGET_NAME)";
				SWIFT_VERSION = 4.2;
				TARGETED_DEVICE_FAMILY = "1,2";
				TEST_HOST = "$(BUILT_PRODUCTS_DIR)/StickyHeaderView.app/StickyHeaderView";
			};
			name = Debug;
		};
		DCB6D98C212A61B60071E47E /* Release */ = {
			isa = XCBuildConfiguration;
			buildSettings = {
				ALWAYS_EMBED_SWIFT_STANDARD_LIBRARIES = YES;
				BUNDLE_LOADER = "$(TEST_HOST)";
				CODE_SIGN_STYLE = Automatic;
				DEVELOPMENT_TEAM = MK2N7RD69E;
				INFOPLIST_FILE = StickyHeaderViewTests/Info.plist;
				LD_RUNPATH_SEARCH_PATHS = (
					"$(inherited)",
					"@executable_path/Frameworks",
					"@loader_path/Frameworks",
				);
				PRODUCT_BUNDLE_IDENTIFIER = com.baon.StickyHeaderViewTests;
				PRODUCT_NAME = "$(TARGET_NAME)";
				SWIFT_VERSION = 4.2;
				TARGETED_DEVICE_FAMILY = "1,2";
				TEST_HOST = "$(BUILT_PRODUCTS_DIR)/StickyHeaderView.app/StickyHeaderView";
			};
			name = Release;
		};
/* End XCBuildConfiguration section */

/* Begin XCConfigurationList section */
		DCB6D965212A61B50071E47E /* Build configuration list for PBXProject "StickyHeaderView" */ = {
			isa = XCConfigurationList;
			buildConfigurations = (
				DCB6D985212A61B60071E47E /* Debug */,
				DCB6D986212A61B60071E47E /* Release */,
			);
			defaultConfigurationIsVisible = 0;
			defaultConfigurationName = Release;
		};
		DCB6D987212A61B60071E47E /* Build configuration list for PBXNativeTarget "StickyHeaderView" */ = {
			isa = XCConfigurationList;
			buildConfigurations = (
				DCB6D988212A61B60071E47E /* Debug */,
				DCB6D989212A61B60071E47E /* Release */,
			);
			defaultConfigurationIsVisible = 0;
			defaultConfigurationName = Release;
		};
		DCB6D98A212A61B60071E47E /* Build configuration list for PBXNativeTarget "StickyHeaderViewTests" */ = {
			isa = XCConfigurationList;
			buildConfigurations = (
				DCB6D98B212A61B60071E47E /* Debug */,
				DCB6D98C212A61B60071E47E /* Release */,
			);
			defaultConfigurationIsVisible = 0;
			defaultConfigurationName = Release;
		};
/* End XCConfigurationList section */
	};
	rootObject = DCB6D962212A61B50071E47E /* Project object */;
}
